// !$*UTF8*$!
{
	archiveVersion = 1;
	classes = {
	};
	objectVersion = 46;
	objects = {

/* Begin PBXBuildFile section */
		9CD08EC34C9855572EE92ECA /* Pods_Keep.framework in Frameworks */ = {isa = PBXBuildFile; fileRef = A8BB32FF36A28A3320826614 /* Pods_Keep.framework */; };
		E40166D31E8D07AD00C41F96 /* KPPrivacyViewController.swift in Sources */ = {isa = PBXBuildFile; fileRef = E40166D11E8D07AD00C41F96 /* KPPrivacyViewController.swift */; };
		E40166D41E8D07AD00C41F96 /* KPPushMessageController.swift in Sources */ = {isa = PBXBuildFile; fileRef = E40166D21E8D07AD00C41F96 /* KPPushMessageController.swift */; };
		E40166D61E8D07C400C41F96 /* KPTrainSettingController.swift in Sources */ = {isa = PBXBuildFile; fileRef = E40166D51E8D07C400C41F96 /* KPTrainSettingController.swift */; };
		E40166D81E8D07CE00C41F96 /* KPOfflineMapController.swift in Sources */ = {isa = PBXBuildFile; fileRef = E40166D71E8D07CE00C41F96 /* KPOfflineMapController.swift */; };
		E40166DA1E8D07E700C41F96 /* KPLinkHealthController.swift in Sources */ = {isa = PBXBuildFile; fileRef = E40166D91E8D07E700C41F96 /* KPLinkHealthController.swift */; };
		E40166DC1E8D07EF00C41F96 /* KPManageAccountController.swift in Sources */ = {isa = PBXBuildFile; fileRef = E40166DB1E8D07EF00C41F96 /* KPManageAccountController.swift */; };
		E40166DE1E8D080600C41F96 /* KPGymGoalViewController.swift in Sources */ = {isa = PBXBuildFile; fileRef = E40166DD1E8D080600C41F96 /* KPGymGoalViewController.swift */; };
		E40166E01E8D080D00C41F96 /* KPFitBasisController.swift in Sources */ = {isa = PBXBuildFile; fileRef = E40166DF1E8D080D00C41F96 /* KPFitBasisController.swift */; };
		E40166E21E8D081E00C41F96 /* KPCacheManagerController.swift in Sources */ = {isa = PBXBuildFile; fileRef = E40166E11E8D081E00C41F96 /* KPCacheManagerController.swift */; };
		E40166E41E8D082D00C41F96 /* KPAccountBindingController.swift in Sources */ = {isa = PBXBuildFile; fileRef = E40166E31E8D082D00C41F96 /* KPAccountBindingController.swift */; };
		E40166E61E8D085000C41F96 /* KPAboutMeViewController.swift in Sources */ = {isa = PBXBuildFile; fileRef = E40166E51E8D085000C41F96 /* KPAboutMeViewController.swift */; };
		E4051EC61E77C86C007801CA /* String+KP.swift in Sources */ = {isa = PBXBuildFile; fileRef = E4051EC51E77C86C007801CA /* String+KP.swift */; };
		E41861C11E712FA10024EE1B /* KPMineTabButtonCell.swift in Sources */ = {isa = PBXBuildFile; fileRef = E41861BF1E712FA10024EE1B /* KPMineTabButtonCell.swift */; };
		E41861C41E7133F20024EE1B /* KPMineTabButton.swift in Sources */ = {isa = PBXBuildFile; fileRef = E41861C31E7133F20024EE1B /* KPMineTabButton.swift */; };
		E41861C71E713F940024EE1B /* UITableView+KP.swift in Sources */ = {isa = PBXBuildFile; fileRef = E41861C61E713F940024EE1B /* UITableView+KP.swift */; };
		E41861CA1E7149140024EE1B /* KPMineHistoryController.swift in Sources */ = {isa = PBXBuildFile; fileRef = E41861C91E7149140024EE1B /* KPMineHistoryController.swift */; };
		E41861CC1E7149740024EE1B /* KPMineCollectionController.swift in Sources */ = {isa = PBXBuildFile; fileRef = E41861CB1E7149740024EE1B /* KPMineCollectionController.swift */; };
		E41861CE1E7149840024EE1B /* KPMineDataViewController.swift in Sources */ = {isa = PBXBuildFile; fileRef = E41861CD1E7149840024EE1B /* KPMineDataViewController.swift */; };
		E41861D01E7149960024EE1B /* KPMineSportsController.swift in Sources */ = {isa = PBXBuildFile; fileRef = E41861CF1E7149960024EE1B /* KPMineSportsController.swift */; };
		E41861D31E7150DC0024EE1B /* KPMineSettingCell.swift in Sources */ = {isa = PBXBuildFile; fileRef = E41861D11E7150DC0024EE1B /* KPMineSettingCell.swift */; };
		E45D45B41E70020000AA79C5 /* AppDelegate.swift in Sources */ = {isa = PBXBuildFile; fileRef = E45D45B31E70020000AA79C5 /* AppDelegate.swift */; };
		E45D45B91E70020000AA79C5 /* Main.storyboard in Resources */ = {isa = PBXBuildFile; fileRef = E45D45B71E70020000AA79C5 /* Main.storyboard */; };
		E45D45BB1E70020000AA79C5 /* Assets.xcassets in Resources */ = {isa = PBXBuildFile; fileRef = E45D45BA1E70020000AA79C5 /* Assets.xcassets */; };
		E45D45C91E70020100AA79C5 /* KeepTests.swift in Sources */ = {isa = PBXBuildFile; fileRef = E45D45C81E70020100AA79C5 /* KeepTests.swift */; };
		E45D45D41E70020100AA79C5 /* KeepUITests.swift in Sources */ = {isa = PBXBuildFile; fileRef = E45D45D31E70020100AA79C5 /* KeepUITests.swift */; };
		E4694FBF1E9B987700B5026E /* KPTrainRecommendCell.swift in Sources */ = {isa = PBXBuildFile; fileRef = E4694FBE1E9B987700B5026E /* KPTrainRecommendCell.swift */; };
		E4694FC11E9B98A000B5026E /* KPTrainRecommendScrollView.swift in Sources */ = {isa = PBXBuildFile; fileRef = E4694FC01E9B98A000B5026E /* KPTrainRecommendScrollView.swift */; };
		E4694FC41E9B98E300B5026E /* KPTrainPlanListCell.swift in Sources */ = {isa = PBXBuildFile; fileRef = E4694FC21E9B98E300B5026E /* KPTrainPlanListCell.swift */; };
		E4694FC51E9B98E300B5026E /* KPTrainPlanListCell.xib in Resources */ = {isa = PBXBuildFile; fileRef = E4694FC31E9B98E300B5026E /* KPTrainPlanListCell.xib */; };
		E4694FC81E9B990900B5026E /* KPTrainAddCell.swift in Sources */ = {isa = PBXBuildFile; fileRef = E4694FC61E9B990900B5026E /* KPTrainAddCell.swift */; };
		E4694FC91E9B990900B5026E /* KPTrainAddCell.xib in Resources */ = {isa = PBXBuildFile; fileRef = E4694FC71E9B990900B5026E /* KPTrainAddCell.xib */; };
		E4694FCB1E9B994800B5026E /* KPTrainTimetableCell.swift in Sources */ = {isa = PBXBuildFile; fileRef = E4694FCA1E9B994800B5026E /* KPTrainTimetableCell.swift */; };
		E4694FCD1E9B9A0400B5026E /* KPTrainTimetableController.swift in Sources */ = {isa = PBXBuildFile; fileRef = E4694FCC1E9B9A0400B5026E /* KPTrainTimetableController.swift */; };
		E4694FCF1E9C918C00B5026E /* KPHealthData.swift in Sources */ = {isa = PBXBuildFile; fileRef = E4694FCE1E9C918C00B5026E /* KPHealthData.swift */; };
		E4694FD11E9CC96A00B5026E /* KPHealthListController.swift in Sources */ = {isa = PBXBuildFile; fileRef = E4694FD01E9CC96A00B5026E /* KPHealthListController.swift */; };
		E4694FD31E9CC98E00B5026E /* KPHealthListCell.swift in Sources */ = {isa = PBXBuildFile; fileRef = E4694FD21E9CC98E00B5026E /* KPHealthListCell.swift */; };
		E4694FD71E9E333400B5026E /* KPNewsFollowCell.swift in Sources */ = {isa = PBXBuildFile; fileRef = E4694FD61E9E333400B5026E /* KPNewsFollowCell.swift */; };
		E4694FD91E9E337500B5026E /* KPNewsRecommendUserCell.swift in Sources */ = {isa = PBXBuildFile; fileRef = E4694FD81E9E337500B5026E /* KPNewsRecommendUserCell.swift */; };
		E4694FDB1E9F897300B5026E /* KPNewsCommentsItem.swift in Sources */ = {isa = PBXBuildFile; fileRef = E4694FDA1E9F897200B5026E /* KPNewsCommentsItem.swift */; };
		E4694FDD1E9F95F900B5026E /* KPNewsLikeListController.swift in Sources */ = {isa = PBXBuildFile; fileRef = E4694FDC1E9F95F900B5026E /* KPNewsLikeListController.swift */; };
		E47A822F1E8FAE75004F575B /* NotificationCenter.framework in Frameworks */ = {isa = PBXBuildFile; fileRef = E4AADDE81E8BB48900477C61 /* NotificationCenter.framework */; };
		E47A82391E8FAE75004F575B /* KEEP.appex in Embed App Extensions */ = {isa = PBXBuildFile; fileRef = E47A822E1E8FAE75004F575B /* KEEP.appex */; settings = {ATTRIBUTES = (RemoveHeadersOnCopy, ); }; };
		E47A823E1E8FB2FC004F575B /* KPWidgetViewController.swift in Sources */ = {isa = PBXBuildFile; fileRef = E47A823D1E8FB2FC004F575B /* KPWidgetViewController.swift */; };
		E47A82401E8FB591004F575B /* KPWidgetButton.swift in Sources */ = {isa = PBXBuildFile; fileRef = E47A823F1E8FB591004F575B /* KPWidgetButton.swift */; };
		E47A834E1E94E057004F575B /* Media.xcassets in Resources */ = {isa = PBXBuildFile; fileRef = E47A834D1E94E057004F575B /* Media.xcassets */; };
		E48F699E1E76973800028DF0 /* BannerData.geojson in Resources */ = {isa = PBXBuildFile; fileRef = E48F699D1E76973800028DF0 /* BannerData.geojson */; };
		E48F69A01E76A7D600028DF0 /* StoreListData.geojson in Resources */ = {isa = PBXBuildFile; fileRef = E48F699F1E76A78800028DF0 /* StoreListData.geojson */; };
		E4A0BDA31E95E3BD00EB2FB0 /* KPTodayWidgetTool.swift in Sources */ = {isa = PBXBuildFile; fileRef = E4A0BDA21E95E3BD00EB2FB0 /* KPTodayWidgetTool.swift */; };
		E4A5D9231E7004C500F91783 /* KPTabBarController.swift in Sources */ = {isa = PBXBuildFile; fileRef = E4A5D9221E7004C500F91783 /* KPTabBarController.swift */; };
		E4A5D9251E7004E700F91783 /* KPNavigationController.swift in Sources */ = {isa = PBXBuildFile; fileRef = E4A5D9241E7004E700F91783 /* KPNavigationController.swift */; };
		E4A5D9271E70052000F91783 /* KPMineController.swift in Sources */ = {isa = PBXBuildFile; fileRef = E4A5D9261E70052000F91783 /* KPMineController.swift */; };
		E4A5D9291E70054400F91783 /* KPSettingController.swift in Sources */ = {isa = PBXBuildFile; fileRef = E4A5D9281E70054400F91783 /* KPSettingController.swift */; };
		E4A5D92B1E70058D00F91783 /* KPInfoViewController.swift in Sources */ = {isa = PBXBuildFile; fileRef = E4A5D92A1E70058D00F91783 /* KPInfoViewController.swift */; };
		E4A5D92D1E7005BE00F91783 /* KPPersonInfoController.swift in Sources */ = {isa = PBXBuildFile; fileRef = E4A5D92C1E7005BE00F91783 /* KPPersonInfoController.swift */; };
		E4A5D92F1E7005E900F91783 /* KPEditViewController.swift in Sources */ = {isa = PBXBuildFile; fileRef = E4A5D92E1E7005E900F91783 /* KPEditViewController.swift */; };
		E4A5D9311E70064500F91783 /* KPNewsViewController.swift in Sources */ = {isa = PBXBuildFile; fileRef = E4A5D9301E70064500F91783 /* KPNewsViewController.swift */; };
		E4A5D9331E7006F000F91783 /* KPAddFriendController.swift in Sources */ = {isa = PBXBuildFile; fileRef = E4A5D9321E7006F000F91783 /* KPAddFriendController.swift */; };
		E4A5D9351E7007D000F91783 /* KPTrainViewController.swift in Sources */ = {isa = PBXBuildFile; fileRef = E4A5D9341E7007D000F91783 /* KPTrainViewController.swift */; };
		E4A5D9381E7009A900F91783 /* KPConst.swift in Sources */ = {isa = PBXBuildFile; fileRef = E4A5D9371E7009A900F91783 /* KPConst.swift */; };
		E4A5D93A1E700BB700F91783 /* KPDiscoveryController.swift in Sources */ = {isa = PBXBuildFile; fileRef = E4A5D9391E700BB700F91783 /* KPDiscoveryController.swift */; };
		E4A9464A1E7158B10040ED47 /* KPTrainTotalCountCell.swift in Sources */ = {isa = PBXBuildFile; fileRef = E4A946481E7158B10040ED47 /* KPTrainTotalCountCell.swift */; };
		E4A9464B1E7158B10040ED47 /* KPTrainTotalCountCell.xib in Resources */ = {isa = PBXBuildFile; fileRef = E4A946491E7158B10040ED47 /* KPTrainTotalCountCell.xib */; };
		E4A9464F1E715C740040ED47 /* UIImage+KP.swift in Sources */ = {isa = PBXBuildFile; fileRef = E4A9464E1E715C740040ED47 /* UIImage+KP.swift */; };
		E4A946511E7286DE0040ED47 /* KPSegmentView.swift in Sources */ = {isa = PBXBuildFile; fileRef = E4A946501E7286DE0040ED47 /* KPSegmentView.swift */; };
		E4A946541E7655540040ED47 /* KPTrainRunRecordController.swift in Sources */ = {isa = PBXBuildFile; fileRef = E4A946531E7655540040ED47 /* KPTrainRunRecordController.swift */; };
		E4A946561E767F290040ED47 /* KPNetworkTool.swift in Sources */ = {isa = PBXBuildFile; fileRef = E4A946551E767F290040ED47 /* KPNetworkTool.swift */; };
		E4AADDFE1E8BC31C00477C61 /* KPShortcutType.swift in Sources */ = {isa = PBXBuildFile; fileRef = E4AADDFD1E8BC31C00477C61 /* KPShortcutType.swift */; };
		E4AADE001E8BC36600477C61 /* KPShortcutItems.swift in Sources */ = {isa = PBXBuildFile; fileRef = E4AADDFF1E8BC36600477C61 /* KPShortcutItems.swift */; };
		E4AADE031E8C976800477C61 /* KPScanViewController.swift in Sources */ = {isa = PBXBuildFile; fileRef = E4AADE021E8C976800477C61 /* KPScanViewController.swift */; };
		E4AADE051E8C978B00477C61 /* KPAboutViewController.swift in Sources */ = {isa = PBXBuildFile; fileRef = E4AADE041E8C978B00477C61 /* KPAboutViewController.swift */; };
		E4AADE071E8C97BA00477C61 /* KPCommunityViewController.swift in Sources */ = {isa = PBXBuildFile; fileRef = E4AADE061E8C97BA00477C61 /* KPCommunityViewController.swift */; };
		E4AADE091E8C97F500477C61 /* KPConventionViewController.swift in Sources */ = {isa = PBXBuildFile; fileRef = E4AADE081E8C97F500477C61 /* KPConventionViewController.swift */; };
		E4AADE0B1E8C982C00477C61 /* KPNetworkViewController.swift in Sources */ = {isa = PBXBuildFile; fileRef = E4AADE0A1E8C982C00477C61 /* KPNetworkViewController.swift */; };
		E4AADE0D1E8C985600477C61 /* KPHelpFeedBackController.swift in Sources */ = {isa = PBXBuildFile; fileRef = E4AADE0C1E8C985600477C61 /* KPHelpFeedBackController.swift */; };
		E4B4865E1E8BB31E00C17363 /* Info.plist in Resources */ = {isa = PBXBuildFile; fileRef = E4B4865D1E8BB31E00C17363 /* Info.plist */; };
		E4B74A691E70F131009EE6BC /* KPMineListCell.swift in Sources */ = {isa = PBXBuildFile; fileRef = E4B74A671E70F131009EE6BC /* KPMineListCell.swift */; };
		E4B74A6A1E70F131009EE6BC /* KPMineListCell.xib in Resources */ = {isa = PBXBuildFile; fileRef = E4B74A681E70F131009EE6BC /* KPMineListCell.xib */; };
		E4CB0C201E95F59F0028E918 /* HealthKit.framework in Frameworks */ = {isa = PBXBuildFile; fileRef = E4CB0C1F1E95F59F0028E918 /* HealthKit.framework */; };
		E4CB0C231E95F6450028E918 /* KPHealthTool.swift in Sources */ = {isa = PBXBuildFile; fileRef = E4CB0C221E95F6450028E918 /* KPHealthTool.swift */; };
		E4F011AB1E963C630043B61D /* KPBaseViewController.swift in Sources */ = {isa = PBXBuildFile; fileRef = E4F011AA1E963C630043B61D /* KPBaseViewController.swift */; };
		E4F011AD1E9641C60043B61D /* KPPublishViewController.swift in Sources */ = {isa = PBXBuildFile; fileRef = E4F011AC1E9641C60043B61D /* KPPublishViewController.swift */; };
		E4F011BC1E9644670043B61D /* KPStoreBanner.swift in Sources */ = {isa = PBXBuildFile; fileRef = E4F011BA1E9644670043B61D /* KPStoreBanner.swift */; };
		E4F011BD1E9644670043B61D /* KPStoreList.swift in Sources */ = {isa = PBXBuildFile; fileRef = E4F011BB1E9644670043B61D /* KPStoreList.swift */; };
		E4F011C31E9644700043B61D /* KPStoreBannerCell.swift in Sources */ = {isa = PBXBuildFile; fileRef = E4F011BE1E9644700043B61D /* KPStoreBannerCell.swift */; };
		E4F011C41E9644700043B61D /* KPStoreBannerView.swift in Sources */ = {isa = PBXBuildFile; fileRef = E4F011BF1E9644700043B61D /* KPStoreBannerView.swift */; };
		E4F011C51E9644700043B61D /* KPStoreCarouselCell.swift in Sources */ = {isa = PBXBuildFile; fileRef = E4F011C01E9644700043B61D /* KPStoreCarouselCell.swift */; };
		E4F011C61E9644700043B61D /* KPStoreProductCell.swift in Sources */ = {isa = PBXBuildFile; fileRef = E4F011C11E9644700043B61D /* KPStoreProductCell.swift */; };
		E4F011C71E9644700043B61D /* KPStoreTabView.swift in Sources */ = {isa = PBXBuildFile; fileRef = E4F011C21E9644700043B61D /* KPStoreTabView.swift */; };
		E4F011C91E9644F40043B61D /* KPNewsHotCollectionCell.swift in Sources */ = {isa = PBXBuildFile; fileRef = E4F011C81E9644F40043B61D /* KPNewsHotCollectionCell.swift */; };
		E4F011CB1E9645340043B61D /* KPNewsHotItem.swift in Sources */ = {isa = PBXBuildFile; fileRef = E4F011CA1E9645340043B61D /* KPNewsHotItem.swift */; };
		E4F011CD1E9743D40043B61D /* KPNewsAuthorItem.swift in Sources */ = {isa = PBXBuildFile; fileRef = E4F011CC1E9743D40043B61D /* KPNewsAuthorItem.swift */; };
		E4F011CF1E97988A0043B61D /* KPNewsLikersItem.swift in Sources */ = {isa = PBXBuildFile; fileRef = E4F011CE1E97988A0043B61D /* KPNewsLikersItem.swift */; };
		E4F011D11E9799040043B61D /* KPHotDetailItem.swift in Sources */ = {isa = PBXBuildFile; fileRef = E4F011D01E9799040043B61D /* KPHotDetailItem.swift */; };
		E4F011D31E979D630043B61D /* KPHotDetailController.swift in Sources */ = {isa = PBXBuildFile; fileRef = E4F011D21E979D630043B61D /* KPHotDetailController.swift */; };
		E4F011D51E979E3A0043B61D /* KPNewDetailLikersCell.swift in Sources */ = {isa = PBXBuildFile; fileRef = E4F011D41E979E390043B61D /* KPNewDetailLikersCell.swift */; };
		E4F011D71E979F4D0043B61D /* KPNewsLikersListItem.swift in Sources */ = {isa = PBXBuildFile; fileRef = E4F011D61E979F4D0043B61D /* KPNewsLikersListItem.swift */; };
		E4F011DA1E97A2030043B61D /* KPNewsLikersListCell.swift in Sources */ = {isa = PBXBuildFile; fileRef = E4F011D81E97A2030043B61D /* KPNewsLikersListCell.swift */; };
		E4F011DB1E97A2030043B61D /* KPNewsLikersListCell.xib in Resources */ = {isa = PBXBuildFile; fileRef = E4F011D91E97A2030043B61D /* KPNewsLikersListCell.xib */; };
		E4F011DD1E97A26A0043B61D /* KPNewsDetailAuthorCell.swift in Sources */ = {isa = PBXBuildFile; fileRef = E4F011DC1E97A26A0043B61D /* KPNewsDetailAuthorCell.swift */; };
/* End PBXBuildFile section */

/* Begin PBXContainerItemProxy section */
		E45D45C51E70020100AA79C5 /* PBXContainerItemProxy */ = {
			isa = PBXContainerItemProxy;
			containerPortal = E45D45A81E70020000AA79C5 /* Project object */;
			proxyType = 1;
			remoteGlobalIDString = E45D45AF1E70020000AA79C5;
			remoteInfo = Keep;
		};
		E45D45D01E70020100AA79C5 /* PBXContainerItemProxy */ = {
			isa = PBXContainerItemProxy;
			containerPortal = E45D45A81E70020000AA79C5 /* Project object */;
			proxyType = 1;
			remoteGlobalIDString = E45D45AF1E70020000AA79C5;
			remoteInfo = Keep;
		};
		E47A82371E8FAE75004F575B /* PBXContainerItemProxy */ = {
			isa = PBXContainerItemProxy;
			containerPortal = E45D45A81E70020000AA79C5 /* Project object */;
			proxyType = 1;
			remoteGlobalIDString = E47A822D1E8FAE75004F575B;
			remoteInfo = KEEP;
		};
/* End PBXContainerItemProxy section */

/* Begin PBXCopyFilesBuildPhase section */
		E4AADDF71E8BB48900477C61 /* Embed App Extensions */ = {
			isa = PBXCopyFilesBuildPhase;
			buildActionMask = 2147483647;
			dstPath = "";
			dstSubfolderSpec = 13;
			files = (
				E47A82391E8FAE75004F575B /* KEEP.appex in Embed App Extensions */,
			);
			name = "Embed App Extensions";
			runOnlyForDeploymentPostprocessing = 0;
		};
/* End PBXCopyFilesBuildPhase section */

/* Begin PBXFileReference section */
		05F14ADAF9F44C27E9C14464 /* Pods-Keep.release.xcconfig */ = {isa = PBXFileReference; includeInIndex = 1; lastKnownFileType = text.xcconfig; name = "Pods-Keep.release.xcconfig"; path = "Pods/Target Support Files/Pods-Keep/Pods-Keep.release.xcconfig"; sourceTree = "<group>"; };
		A8BB32FF36A28A3320826614 /* Pods_Keep.framework */ = {isa = PBXFileReference; explicitFileType = wrapper.framework; includeInIndex = 0; path = Pods_Keep.framework; sourceTree = BUILT_PRODUCTS_DIR; };
		DA98CBF4FA95FE96BBB1E5D6 /* Pods-Keep.debug.xcconfig */ = {isa = PBXFileReference; includeInIndex = 1; lastKnownFileType = text.xcconfig; name = "Pods-Keep.debug.xcconfig"; path = "Pods/Target Support Files/Pods-Keep/Pods-Keep.debug.xcconfig"; sourceTree = "<group>"; };
		E40166D11E8D07AD00C41F96 /* KPPrivacyViewController.swift */ = {isa = PBXFileReference; fileEncoding = 4; lastKnownFileType = sourcecode.swift; path = KPPrivacyViewController.swift; sourceTree = "<group>"; };
		E40166D21E8D07AD00C41F96 /* KPPushMessageController.swift */ = {isa = PBXFileReference; fileEncoding = 4; lastKnownFileType = sourcecode.swift; path = KPPushMessageController.swift; sourceTree = "<group>"; };
		E40166D51E8D07C400C41F96 /* KPTrainSettingController.swift */ = {isa = PBXFileReference; fileEncoding = 4; lastKnownFileType = sourcecode.swift; path = KPTrainSettingController.swift; sourceTree = "<group>"; };
		E40166D71E8D07CE00C41F96 /* KPOfflineMapController.swift */ = {isa = PBXFileReference; fileEncoding = 4; lastKnownFileType = sourcecode.swift; path = KPOfflineMapController.swift; sourceTree = "<group>"; };
		E40166D91E8D07E700C41F96 /* KPLinkHealthController.swift */ = {isa = PBXFileReference; fileEncoding = 4; lastKnownFileType = sourcecode.swift; path = KPLinkHealthController.swift; sourceTree = "<group>"; };
		E40166DB1E8D07EF00C41F96 /* KPManageAccountController.swift */ = {isa = PBXFileReference; fileEncoding = 4; lastKnownFileType = sourcecode.swift; path = KPManageAccountController.swift; sourceTree = "<group>"; };
		E40166DD1E8D080600C41F96 /* KPGymGoalViewController.swift */ = {isa = PBXFileReference; fileEncoding = 4; lastKnownFileType = sourcecode.swift; path = KPGymGoalViewController.swift; sourceTree = "<group>"; };
		E40166DF1E8D080D00C41F96 /* KPFitBasisController.swift */ = {isa = PBXFileReference; fileEncoding = 4; lastKnownFileType = sourcecode.swift; path = KPFitBasisController.swift; sourceTree = "<group>"; };
		E40166E11E8D081E00C41F96 /* KPCacheManagerController.swift */ = {isa = PBXFileReference; fileEncoding = 4; lastKnownFileType = sourcecode.swift; path = KPCacheManagerController.swift; sourceTree = "<group>"; };
		E40166E31E8D082D00C41F96 /* KPAccountBindingController.swift */ = {isa = PBXFileReference; fileEncoding = 4; lastKnownFileType = sourcecode.swift; path = KPAccountBindingController.swift; sourceTree = "<group>"; };
		E40166E51E8D085000C41F96 /* KPAboutMeViewController.swift */ = {isa = PBXFileReference; fileEncoding = 4; lastKnownFileType = sourcecode.swift; path = KPAboutMeViewController.swift; sourceTree = "<group>"; };
		E40167B81E8F88D600C41F96 /* Alamofire.framework */ = {isa = PBXFileReference; lastKnownFileType = wrapper.framework; name = Alamofire.framework; path = "../../../Library/Developer/Xcode/DerivedData/Keep-astugrteyiuwajdbhrlprwipuopz/Build/Products/Debug-iphoneos/Alamofire/Alamofire.framework"; sourceTree = "<group>"; };
		E40167BA1E8F88DF00C41F96 /* Kingfisher.framework */ = {isa = PBXFileReference; lastKnownFileType = wrapper.framework; name = Kingfisher.framework; path = "../../../Library/Developer/Xcode/DerivedData/Keep-astugrteyiuwajdbhrlprwipuopz/Build/Products/Debug-iphoneos/Kingfisher/Kingfisher.framework"; sourceTree = "<group>"; };
		E40167BC1E8F88E600C41F96 /* SnapKit.framework */ = {isa = PBXFileReference; lastKnownFileType = wrapper.framework; name = SnapKit.framework; path = "../../../Library/Developer/Xcode/DerivedData/Keep-astugrteyiuwajdbhrlprwipuopz/Build/Products/Debug-iphoneos/SnapKit/SnapKit.framework"; sourceTree = "<group>"; };
		E4051EC51E77C86C007801CA /* String+KP.swift */ = {isa = PBXFileReference; fileEncoding = 4; lastKnownFileType = sourcecode.swift; path = "String+KP.swift"; sourceTree = "<group>"; };
		E41861BF1E712FA10024EE1B /* KPMineTabButtonCell.swift */ = {isa = PBXFileReference; fileEncoding = 4; lastKnownFileType = sourcecode.swift; path = KPMineTabButtonCell.swift; sourceTree = "<group>"; };
		E41861C31E7133F20024EE1B /* KPMineTabButton.swift */ = {isa = PBXFileReference; fileEncoding = 4; lastKnownFileType = sourcecode.swift; path = KPMineTabButton.swift; sourceTree = "<group>"; };
		E41861C61E713F940024EE1B /* UITableView+KP.swift */ = {isa = PBXFileReference; fileEncoding = 4; lastKnownFileType = sourcecode.swift; path = "UITableView+KP.swift"; sourceTree = "<group>"; };
		E41861C91E7149140024EE1B /* KPMineHistoryController.swift */ = {isa = PBXFileReference; fileEncoding = 4; lastKnownFileType = sourcecode.swift; path = KPMineHistoryController.swift; sourceTree = "<group>"; };
		E41861CB1E7149740024EE1B /* KPMineCollectionController.swift */ = {isa = PBXFileReference; fileEncoding = 4; lastKnownFileType = sourcecode.swift; path = KPMineCollectionController.swift; sourceTree = "<group>"; };
		E41861CD1E7149840024EE1B /* KPMineDataViewController.swift */ = {isa = PBXFileReference; fileEncoding = 4; lastKnownFileType = sourcecode.swift; path = KPMineDataViewController.swift; sourceTree = "<group>"; };
		E41861CF1E7149960024EE1B /* KPMineSportsController.swift */ = {isa = PBXFileReference; fileEncoding = 4; lastKnownFileType = sourcecode.swift; path = KPMineSportsController.swift; sourceTree = "<group>"; };
		E41861D11E7150DC0024EE1B /* KPMineSettingCell.swift */ = {isa = PBXFileReference; fileEncoding = 4; lastKnownFileType = sourcecode.swift; path = KPMineSettingCell.swift; sourceTree = "<group>"; };
		E45D45B01E70020000AA79C5 /* Keep.app */ = {isa = PBXFileReference; explicitFileType = wrapper.application; includeInIndex = 0; path = Keep.app; sourceTree = BUILT_PRODUCTS_DIR; };
		E45D45B31E70020000AA79C5 /* AppDelegate.swift */ = {isa = PBXFileReference; lastKnownFileType = sourcecode.swift; path = AppDelegate.swift; sourceTree = "<group>"; };
		E45D45B81E70020000AA79C5 /* Base */ = {isa = PBXFileReference; lastKnownFileType = file.storyboard; name = Base; path = Base.lproj/Main.storyboard; sourceTree = "<group>"; };
		E45D45BA1E70020000AA79C5 /* Assets.xcassets */ = {isa = PBXFileReference; lastKnownFileType = folder.assetcatalog; path = Assets.xcassets; sourceTree = "<group>"; };
		E45D45BD1E70020000AA79C5 /* Base */ = {isa = PBXFileReference; lastKnownFileType = file.storyboard; name = Base; path = Base.lproj/LaunchScreen.storyboard; sourceTree = "<group>"; };
		E45D45C41E70020100AA79C5 /* KeepTests.xctest */ = {isa = PBXFileReference; explicitFileType = wrapper.cfbundle; includeInIndex = 0; path = KeepTests.xctest; sourceTree = BUILT_PRODUCTS_DIR; };
		E45D45C81E70020100AA79C5 /* KeepTests.swift */ = {isa = PBXFileReference; lastKnownFileType = sourcecode.swift; path = KeepTests.swift; sourceTree = "<group>"; };
		E45D45CA1E70020100AA79C5 /* Info.plist */ = {isa = PBXFileReference; lastKnownFileType = text.plist.xml; path = Info.plist; sourceTree = "<group>"; };
		E45D45CF1E70020100AA79C5 /* KeepUITests.xctest */ = {isa = PBXFileReference; explicitFileType = wrapper.cfbundle; includeInIndex = 0; path = KeepUITests.xctest; sourceTree = BUILT_PRODUCTS_DIR; };
		E45D45D31E70020100AA79C5 /* KeepUITests.swift */ = {isa = PBXFileReference; lastKnownFileType = sourcecode.swift; path = KeepUITests.swift; sourceTree = "<group>"; };
		E45D45D51E70020100AA79C5 /* Info.plist */ = {isa = PBXFileReference; lastKnownFileType = text.plist.xml; path = Info.plist; sourceTree = "<group>"; };
		E4694FBE1E9B987700B5026E /* KPTrainRecommendCell.swift */ = {isa = PBXFileReference; fileEncoding = 4; lastKnownFileType = sourcecode.swift; path = KPTrainRecommendCell.swift; sourceTree = "<group>"; };
		E4694FC01E9B98A000B5026E /* KPTrainRecommendScrollView.swift */ = {isa = PBXFileReference; fileEncoding = 4; lastKnownFileType = sourcecode.swift; path = KPTrainRecommendScrollView.swift; sourceTree = "<group>"; };
		E4694FC21E9B98E300B5026E /* KPTrainPlanListCell.swift */ = {isa = PBXFileReference; fileEncoding = 4; lastKnownFileType = sourcecode.swift; path = KPTrainPlanListCell.swift; sourceTree = "<group>"; };
		E4694FC31E9B98E300B5026E /* KPTrainPlanListCell.xib */ = {isa = PBXFileReference; fileEncoding = 4; lastKnownFileType = file.xib; path = KPTrainPlanListCell.xib; sourceTree = "<group>"; };
		E4694FC61E9B990900B5026E /* KPTrainAddCell.swift */ = {isa = PBXFileReference; fileEncoding = 4; lastKnownFileType = sourcecode.swift; path = KPTrainAddCell.swift; sourceTree = "<group>"; };
		E4694FC71E9B990900B5026E /* KPTrainAddCell.xib */ = {isa = PBXFileReference; fileEncoding = 4; lastKnownFileType = file.xib; path = KPTrainAddCell.xib; sourceTree = "<group>"; };
		E4694FCA1E9B994800B5026E /* KPTrainTimetableCell.swift */ = {isa = PBXFileReference; fileEncoding = 4; lastKnownFileType = sourcecode.swift; path = KPTrainTimetableCell.swift; sourceTree = "<group>"; };
		E4694FCC1E9B9A0400B5026E /* KPTrainTimetableController.swift */ = {isa = PBXFileReference; fileEncoding = 4; lastKnownFileType = sourcecode.swift; path = KPTrainTimetableController.swift; sourceTree = "<group>"; };
		E4694FCE1E9C918C00B5026E /* KPHealthData.swift */ = {isa = PBXFileReference; fileEncoding = 4; lastKnownFileType = sourcecode.swift; path = KPHealthData.swift; sourceTree = "<group>"; };
		E4694FD01E9CC96A00B5026E /* KPHealthListController.swift */ = {isa = PBXFileReference; fileEncoding = 4; lastKnownFileType = sourcecode.swift; path = KPHealthListController.swift; sourceTree = "<group>"; };
		E4694FD21E9CC98E00B5026E /* KPHealthListCell.swift */ = {isa = PBXFileReference; fileEncoding = 4; lastKnownFileType = sourcecode.swift; path = KPHealthListCell.swift; sourceTree = "<group>"; };
		E4694FD61E9E333400B5026E /* KPNewsFollowCell.swift */ = {isa = PBXFileReference; fileEncoding = 4; lastKnownFileType = sourcecode.swift; path = KPNewsFollowCell.swift; sourceTree = "<group>"; };
		E4694FD81E9E337500B5026E /* KPNewsRecommendUserCell.swift */ = {isa = PBXFileReference; fileEncoding = 4; lastKnownFileType = sourcecode.swift; path = KPNewsRecommendUserCell.swift; sourceTree = "<group>"; };
		E4694FDA1E9F897200B5026E /* KPNewsCommentsItem.swift */ = {isa = PBXFileReference; fileEncoding = 4; lastKnownFileType = sourcecode.swift; path = KPNewsCommentsItem.swift; sourceTree = "<group>"; };
		E4694FDC1E9F95F900B5026E /* KPNewsLikeListController.swift */ = {isa = PBXFileReference; fileEncoding = 4; lastKnownFileType = sourcecode.swift; path = KPNewsLikeListController.swift; sourceTree = "<group>"; };
		E47A822E1E8FAE75004F575B /* KEEP.appex */ = {isa = PBXFileReference; explicitFileType = "wrapper.app-extension"; includeInIndex = 0; path = KEEP.appex; sourceTree = BUILT_PRODUCTS_DIR; };
		E47A82361E8FAE75004F575B /* Info.plist */ = {isa = PBXFileReference; lastKnownFileType = text.plist.xml; path = Info.plist; sourceTree = "<group>"; };
		E47A823D1E8FB2FC004F575B /* KPWidgetViewController.swift */ = {isa = PBXFileReference; fileEncoding = 4; lastKnownFileType = sourcecode.swift; name = KPWidgetViewController.swift; path = Keep/KPWidgetViewController.swift; sourceTree = SOURCE_ROOT; };
		E47A823F1E8FB591004F575B /* KPWidgetButton.swift */ = {isa = PBXFileReference; fileEncoding = 4; lastKnownFileType = sourcecode.swift; path = KPWidgetButton.swift; sourceTree = "<group>"; };
		E47A834D1E94E057004F575B /* Media.xcassets */ = {isa = PBXFileReference; lastKnownFileType = folder.assetcatalog; name = Media.xcassets; path = Keep/Media.xcassets; sourceTree = SOURCE_ROOT; };
		E48F699D1E76973800028DF0 /* BannerData.geojson */ = {isa = PBXFileReference; fileEncoding = 4; lastKnownFileType = text; path = BannerData.geojson; sourceTree = "<group>"; };
		E48F699F1E76A78800028DF0 /* StoreListData.geojson */ = {isa = PBXFileReference; lastKnownFileType = text; path = StoreListData.geojson; sourceTree = "<group>"; };
		E4A0BDA21E95E3BD00EB2FB0 /* KPTodayWidgetTool.swift */ = {isa = PBXFileReference; fileEncoding = 4; lastKnownFileType = sourcecode.swift; path = KPTodayWidgetTool.swift; sourceTree = "<group>"; };
		E4A5D9221E7004C500F91783 /* KPTabBarController.swift */ = {isa = PBXFileReference; fileEncoding = 4; lastKnownFileType = sourcecode.swift; path = KPTabBarController.swift; sourceTree = "<group>"; };
		E4A5D9241E7004E700F91783 /* KPNavigationController.swift */ = {isa = PBXFileReference; fileEncoding = 4; lastKnownFileType = sourcecode.swift; path = KPNavigationController.swift; sourceTree = "<group>"; };
		E4A5D9261E70052000F91783 /* KPMineController.swift */ = {isa = PBXFileReference; fileEncoding = 4; lastKnownFileType = sourcecode.swift; path = KPMineController.swift; sourceTree = "<group>"; };
		E4A5D9281E70054400F91783 /* KPSettingController.swift */ = {isa = PBXFileReference; fileEncoding = 4; lastKnownFileType = sourcecode.swift; path = KPSettingController.swift; sourceTree = "<group>"; };
		E4A5D92A1E70058D00F91783 /* KPInfoViewController.swift */ = {isa = PBXFileReference; fileEncoding = 4; lastKnownFileType = sourcecode.swift; path = KPInfoViewController.swift; sourceTree = "<group>"; };
		E4A5D92C1E7005BE00F91783 /* KPPersonInfoController.swift */ = {isa = PBXFileReference; fileEncoding = 4; lastKnownFileType = sourcecode.swift; path = KPPersonInfoController.swift; sourceTree = "<group>"; };
		E4A5D92E1E7005E900F91783 /* KPEditViewController.swift */ = {isa = PBXFileReference; fileEncoding = 4; lastKnownFileType = sourcecode.swift; path = KPEditViewController.swift; sourceTree = "<group>"; };
		E4A5D9301E70064500F91783 /* KPNewsViewController.swift */ = {isa = PBXFileReference; fileEncoding = 4; lastKnownFileType = sourcecode.swift; path = KPNewsViewController.swift; sourceTree = "<group>"; };
		E4A5D9321E7006F000F91783 /* KPAddFriendController.swift */ = {isa = PBXFileReference; fileEncoding = 4; lastKnownFileType = sourcecode.swift; path = KPAddFriendController.swift; sourceTree = "<group>"; };
		E4A5D9341E7007D000F91783 /* KPTrainViewController.swift */ = {isa = PBXFileReference; fileEncoding = 4; lastKnownFileType = sourcecode.swift; path = KPTrainViewController.swift; sourceTree = "<group>"; };
		E4A5D9371E7009A900F91783 /* KPConst.swift */ = {isa = PBXFileReference; fileEncoding = 4; lastKnownFileType = sourcecode.swift; path = KPConst.swift; sourceTree = "<group>"; };
		E4A5D9391E700BB700F91783 /* KPDiscoveryController.swift */ = {isa = PBXFileReference; fileEncoding = 4; lastKnownFileType = sourcecode.swift; path = KPDiscoveryController.swift; sourceTree = "<group>"; };
		E4A946481E7158B10040ED47 /* KPTrainTotalCountCell.swift */ = {isa = PBXFileReference; fileEncoding = 4; lastKnownFileType = sourcecode.swift; path = KPTrainTotalCountCell.swift; sourceTree = "<group>"; };
		E4A946491E7158B10040ED47 /* KPTrainTotalCountCell.xib */ = {isa = PBXFileReference; fileEncoding = 4; lastKnownFileType = file.xib; path = KPTrainTotalCountCell.xib; sourceTree = "<group>"; };
		E4A9464E1E715C740040ED47 /* UIImage+KP.swift */ = {isa = PBXFileReference; fileEncoding = 4; lastKnownFileType = sourcecode.swift; path = "UIImage+KP.swift"; sourceTree = "<group>"; };
		E4A946501E7286DE0040ED47 /* KPSegmentView.swift */ = {isa = PBXFileReference; fileEncoding = 4; lastKnownFileType = sourcecode.swift; path = KPSegmentView.swift; sourceTree = "<group>"; };
		E4A946531E7655540040ED47 /* KPTrainRunRecordController.swift */ = {isa = PBXFileReference; fileEncoding = 4; lastKnownFileType = sourcecode.swift; path = KPTrainRunRecordController.swift; sourceTree = "<group>"; };
		E4A946551E767F290040ED47 /* KPNetworkTool.swift */ = {isa = PBXFileReference; fileEncoding = 4; lastKnownFileType = sourcecode.swift; path = KPNetworkTool.swift; sourceTree = "<group>"; };
		E4AADDE81E8BB48900477C61 /* NotificationCenter.framework */ = {isa = PBXFileReference; lastKnownFileType = wrapper.framework; name = NotificationCenter.framework; path = System/Library/Frameworks/NotificationCenter.framework; sourceTree = SDKROOT; };
		E4AADDFD1E8BC31C00477C61 /* KPShortcutType.swift */ = {isa = PBXFileReference; fileEncoding = 4; lastKnownFileType = sourcecode.swift; path = KPShortcutType.swift; sourceTree = "<group>"; };
		E4AADDFF1E8BC36600477C61 /* KPShortcutItems.swift */ = {isa = PBXFileReference; fileEncoding = 4; lastKnownFileType = sourcecode.swift; path = KPShortcutItems.swift; sourceTree = "<group>"; };
		E4AADE021E8C976800477C61 /* KPScanViewController.swift */ = {isa = PBXFileReference; fileEncoding = 4; lastKnownFileType = sourcecode.swift; path = KPScanViewController.swift; sourceTree = "<group>"; };
		E4AADE041E8C978B00477C61 /* KPAboutViewController.swift */ = {isa = PBXFileReference; fileEncoding = 4; lastKnownFileType = sourcecode.swift; path = KPAboutViewController.swift; sourceTree = "<group>"; };
		E4AADE061E8C97BA00477C61 /* KPCommunityViewController.swift */ = {isa = PBXFileReference; fileEncoding = 4; lastKnownFileType = sourcecode.swift; path = KPCommunityViewController.swift; sourceTree = "<group>"; };
		E4AADE081E8C97F500477C61 /* KPConventionViewController.swift */ = {isa = PBXFileReference; fileEncoding = 4; lastKnownFileType = sourcecode.swift; path = KPConventionViewController.swift; sourceTree = "<group>"; };
		E4AADE0A1E8C982C00477C61 /* KPNetworkViewController.swift */ = {isa = PBXFileReference; fileEncoding = 4; lastKnownFileType = sourcecode.swift; path = KPNetworkViewController.swift; sourceTree = "<group>"; };
		E4AADE0C1E8C985600477C61 /* KPHelpFeedBackController.swift */ = {isa = PBXFileReference; fileEncoding = 4; lastKnownFileType = sourcecode.swift; path = KPHelpFeedBackController.swift; sourceTree = "<group>"; };
		E4B4865D1E8BB31E00C17363 /* Info.plist */ = {isa = PBXFileReference; fileEncoding = 4; lastKnownFileType = text.plist.xml; name = Info.plist; path = Classes/Info.plist; sourceTree = "<group>"; };
		E4B74A671E70F131009EE6BC /* KPMineListCell.swift */ = {isa = PBXFileReference; fileEncoding = 4; lastKnownFileType = sourcecode.swift; path = KPMineListCell.swift; sourceTree = "<group>"; };
		E4B74A681E70F131009EE6BC /* KPMineListCell.xib */ = {isa = PBXFileReference; fileEncoding = 4; lastKnownFileType = file.xib; path = KPMineListCell.xib; sourceTree = "<group>"; };
		E4CB0C1E1E95F59F0028E918 /* Keep.entitlements */ = {isa = PBXFileReference; lastKnownFileType = text.plist.entitlements; path = Keep.entitlements; sourceTree = "<group>"; };
		E4CB0C1F1E95F59F0028E918 /* HealthKit.framework */ = {isa = PBXFileReference; lastKnownFileType = wrapper.framework; name = HealthKit.framework; path = System/Library/Frameworks/HealthKit.framework; sourceTree = SDKROOT; };
		E4CB0C221E95F6450028E918 /* KPHealthTool.swift */ = {isa = PBXFileReference; fileEncoding = 4; lastKnownFileType = sourcecode.swift; path = KPHealthTool.swift; sourceTree = "<group>"; };
		E4F011AA1E963C630043B61D /* KPBaseViewController.swift */ = {isa = PBXFileReference; fileEncoding = 4; lastKnownFileType = sourcecode.swift; path = KPBaseViewController.swift; sourceTree = "<group>"; };
		E4F011AC1E9641C60043B61D /* KPPublishViewController.swift */ = {isa = PBXFileReference; fileEncoding = 4; lastKnownFileType = sourcecode.swift; path = KPPublishViewController.swift; sourceTree = "<group>"; };
		E4F011BA1E9644670043B61D /* KPStoreBanner.swift */ = {isa = PBXFileReference; fileEncoding = 4; lastKnownFileType = sourcecode.swift; path = KPStoreBanner.swift; sourceTree = "<group>"; };
		E4F011BB1E9644670043B61D /* KPStoreList.swift */ = {isa = PBXFileReference; fileEncoding = 4; lastKnownFileType = sourcecode.swift; path = KPStoreList.swift; sourceTree = "<group>"; };
		E4F011BE1E9644700043B61D /* KPStoreBannerCell.swift */ = {isa = PBXFileReference; fileEncoding = 4; lastKnownFileType = sourcecode.swift; path = KPStoreBannerCell.swift; sourceTree = "<group>"; };
		E4F011BF1E9644700043B61D /* KPStoreBannerView.swift */ = {isa = PBXFileReference; fileEncoding = 4; lastKnownFileType = sourcecode.swift; path = KPStoreBannerView.swift; sourceTree = "<group>"; };
		E4F011C01E9644700043B61D /* KPStoreCarouselCell.swift */ = {isa = PBXFileReference; fileEncoding = 4; lastKnownFileType = sourcecode.swift; path = KPStoreCarouselCell.swift; sourceTree = "<group>"; };
		E4F011C11E9644700043B61D /* KPStoreProductCell.swift */ = {isa = PBXFileReference; fileEncoding = 4; lastKnownFileType = sourcecode.swift; path = KPStoreProductCell.swift; sourceTree = "<group>"; };
		E4F011C21E9644700043B61D /* KPStoreTabView.swift */ = {isa = PBXFileReference; fileEncoding = 4; lastKnownFileType = sourcecode.swift; path = KPStoreTabView.swift; sourceTree = "<group>"; };
		E4F011C81E9644F40043B61D /* KPNewsHotCollectionCell.swift */ = {isa = PBXFileReference; fileEncoding = 4; lastKnownFileType = sourcecode.swift; path = KPNewsHotCollectionCell.swift; sourceTree = "<group>"; };
		E4F011CA1E9645340043B61D /* KPNewsHotItem.swift */ = {isa = PBXFileReference; fileEncoding = 4; lastKnownFileType = sourcecode.swift; path = KPNewsHotItem.swift; sourceTree = "<group>"; };
		E4F011CC1E9743D40043B61D /* KPNewsAuthorItem.swift */ = {isa = PBXFileReference; fileEncoding = 4; lastKnownFileType = sourcecode.swift; path = KPNewsAuthorItem.swift; sourceTree = "<group>"; };
		E4F011CE1E97988A0043B61D /* KPNewsLikersItem.swift */ = {isa = PBXFileReference; fileEncoding = 4; lastKnownFileType = sourcecode.swift; path = KPNewsLikersItem.swift; sourceTree = "<group>"; };
		E4F011D01E9799040043B61D /* KPHotDetailItem.swift */ = {isa = PBXFileReference; fileEncoding = 4; lastKnownFileType = sourcecode.swift; path = KPHotDetailItem.swift; sourceTree = "<group>"; };
		E4F011D21E979D630043B61D /* KPHotDetailController.swift */ = {isa = PBXFileReference; fileEncoding = 4; lastKnownFileType = sourcecode.swift; path = KPHotDetailController.swift; sourceTree = "<group>"; };
		E4F011D41E979E390043B61D /* KPNewDetailLikersCell.swift */ = {isa = PBXFileReference; fileEncoding = 4; lastKnownFileType = sourcecode.swift; path = KPNewDetailLikersCell.swift; sourceTree = "<group>"; };
		E4F011D61E979F4D0043B61D /* KPNewsLikersListItem.swift */ = {isa = PBXFileReference; fileEncoding = 4; lastKnownFileType = sourcecode.swift; path = KPNewsLikersListItem.swift; sourceTree = "<group>"; };
		E4F011D81E97A2030043B61D /* KPNewsLikersListCell.swift */ = {isa = PBXFileReference; fileEncoding = 4; lastKnownFileType = sourcecode.swift; path = KPNewsLikersListCell.swift; sourceTree = "<group>"; };
		E4F011D91E97A2030043B61D /* KPNewsLikersListCell.xib */ = {isa = PBXFileReference; fileEncoding = 4; lastKnownFileType = file.xib; path = KPNewsLikersListCell.xib; sourceTree = "<group>"; };
		E4F011DC1E97A26A0043B61D /* KPNewsDetailAuthorCell.swift */ = {isa = PBXFileReference; fileEncoding = 4; lastKnownFileType = sourcecode.swift; path = KPNewsDetailAuthorCell.swift; sourceTree = "<group>"; };
/* End PBXFileReference section */

/* Begin PBXFrameworksBuildPhase section */
		E45D45AD1E70020000AA79C5 /* Frameworks */ = {
			isa = PBXFrameworksBuildPhase;
			buildActionMask = 2147483647;
			files = (
				9CD08EC34C9855572EE92ECA /* Pods_Keep.framework in Frameworks */,
				E4CB0C201E95F59F0028E918 /* HealthKit.framework in Frameworks */,
			);
			runOnlyForDeploymentPostprocessing = 0;
		};
		E45D45C11E70020100AA79C5 /* Frameworks */ = {
			isa = PBXFrameworksBuildPhase;
			buildActionMask = 2147483647;
			files = (
			);
			runOnlyForDeploymentPostprocessing = 0;
		};
		E45D45CC1E70020100AA79C5 /* Frameworks */ = {
			isa = PBXFrameworksBuildPhase;
			buildActionMask = 2147483647;
			files = (
			);
			runOnlyForDeploymentPostprocessing = 0;
		};
		E47A822B1E8FAE75004F575B /* Frameworks */ = {
			isa = PBXFrameworksBuildPhase;
			buildActionMask = 2147483647;
			files = (
				E47A822F1E8FAE75004F575B /* NotificationCenter.framework in Frameworks */,
			);
			runOnlyForDeploymentPostprocessing = 0;
		};
/* End PBXFrameworksBuildPhase section */

/* Begin PBXGroup section */
		22F221A340CCDFFA37B1F85B /* Frameworks */ = {
			isa = PBXGroup;
			children = (
				E4CB0C1F1E95F59F0028E918 /* HealthKit.framework */,
				E40167BC1E8F88E600C41F96 /* SnapKit.framework */,
				E40167BA1E8F88DF00C41F96 /* Kingfisher.framework */,
				E40167B81E8F88D600C41F96 /* Alamofire.framework */,
				A8BB32FF36A28A3320826614 /* Pods_Keep.framework */,
				E4AADDE81E8BB48900477C61 /* NotificationCenter.framework */,
			);
			name = Frameworks;
			sourceTree = "<group>";
		};
		74F3A7F6798C8E6A093A9232 /* Pods */ = {
			isa = PBXGroup;
			children = (
				DA98CBF4FA95FE96BBB1E5D6 /* Pods-Keep.debug.xcconfig */,
				05F14ADAF9F44C27E9C14464 /* Pods-Keep.release.xcconfig */,
			);
			name = Pods;
			sourceTree = "<group>";
		};
		E41861C51E713F1A0024EE1B /* Extensions */ = {
			isa = PBXGroup;
			children = (
				E41861C61E713F940024EE1B /* UITableView+KP.swift */,
				E4A9464E1E715C740040ED47 /* UIImage+KP.swift */,
				E4051EC51E77C86C007801CA /* String+KP.swift */,
			);
			path = Extensions;
			sourceTree = "<group>";
		};
		E41861C81E7148E50024EE1B /* Tab */ = {
			isa = PBXGroup;
			children = (
				E41861C91E7149140024EE1B /* KPMineHistoryController.swift */,
				E41861CB1E7149740024EE1B /* KPMineCollectionController.swift */,
				E41861CD1E7149840024EE1B /* KPMineDataViewController.swift */,
				E41861CF1E7149960024EE1B /* KPMineSportsController.swift */,
			);
			path = Tab;
			sourceTree = "<group>";
		};
		E45D45A71E70020000AA79C5 = {
			isa = PBXGroup;
			children = (
				E45D45B21E70020000AA79C5 /* Keep */,
				E45D45C71E70020100AA79C5 /* KeepTests */,
				E45D45D21E70020100AA79C5 /* KeepUITests */,
				E47A82301E8FAE75004F575B /* KEEP */,
				E45D45B11E70020000AA79C5 /* Products */,
				74F3A7F6798C8E6A093A9232 /* Pods */,
				22F221A340CCDFFA37B1F85B /* Frameworks */,
			);
			sourceTree = "<group>";
		};
		E45D45B11E70020000AA79C5 /* Products */ = {
			isa = PBXGroup;
			children = (
				E45D45B01E70020000AA79C5 /* Keep.app */,
				E45D45C41E70020100AA79C5 /* KeepTests.xctest */,
				E45D45CF1E70020100AA79C5 /* KeepUITests.xctest */,
				E47A822E1E8FAE75004F575B /* KEEP.appex */,
			);
			name = Products;
			sourceTree = "<group>";
		};
		E45D45B21E70020000AA79C5 /* Keep */ = {
			isa = PBXGroup;
			children = (
				E4CB0C1E1E95F59F0028E918 /* Keep.entitlements */,
				E4A5D90D1E70041C00F91783 /* Classes */,
				E45D45B31E70020000AA79C5 /* AppDelegate.swift */,
				E4B4865D1E8BB31E00C17363 /* Info.plist */,
				E45D45B71E70020000AA79C5 /* Main.storyboard */,
				E45D45BA1E70020000AA79C5 /* Assets.xcassets */,
				E45D45BC1E70020000AA79C5 /* LaunchScreen.storyboard */,
			);
			path = Keep;
			sourceTree = "<group>";
		};
		E45D45C71E70020100AA79C5 /* KeepTests */ = {
			isa = PBXGroup;
			children = (
				E45D45C81E70020100AA79C5 /* KeepTests.swift */,
				E45D45CA1E70020100AA79C5 /* Info.plist */,
			);
			path = KeepTests;
			sourceTree = "<group>";
		};
		E45D45D21E70020100AA79C5 /* KeepUITests */ = {
			isa = PBXGroup;
			children = (
				E45D45D31E70020100AA79C5 /* KeepUITests.swift */,
				E45D45D51E70020100AA79C5 /* Info.plist */,
			);
			path = KeepUITests;
			sourceTree = "<group>";
		};
		E47A82301E8FAE75004F575B /* KEEP */ = {
			isa = PBXGroup;
			children = (
				E47A823F1E8FB591004F575B /* KPWidgetButton.swift */,
				E47A82361E8FAE75004F575B /* Info.plist */,
				E47A823D1E8FB2FC004F575B /* KPWidgetViewController.swift */,
				E47A834D1E94E057004F575B /* Media.xcassets */,
			);
			path = KEEP;
			sourceTree = "<group>";
		};
		E48F699C1E76970C00028DF0 /* Resources */ = {
			isa = PBXGroup;
			children = (
				E48F699D1E76973800028DF0 /* BannerData.geojson */,
				E48F699F1E76A78800028DF0 /* StoreListData.geojson */,
			);
			path = Resources;
			sourceTree = "<group>";
		};
		E4A0BDA11E95E39600EB2FB0 /* TodayWidget */ = {
			isa = PBXGroup;
			children = (
				E4A0BDA21E95E3BD00EB2FB0 /* KPTodayWidgetTool.swift */,
			);
			path = TodayWidget;
			sourceTree = "<group>";
		};
		E4A5D90D1E70041C00F91783 /* Classes */ = {
			isa = PBXGroup;
			children = (
				E48F699C1E76970C00028DF0 /* Resources */,
				E4A5D90E1E70041C00F91783 /* Discovery */,
				E4A5D9121E70041C00F91783 /* Main */,
				E4A5D9131E70041C00F91783 /* Mine */,
				E4A5D9171E70041C00F91783 /* News */,
				E4A5D91B1E70041C00F91783 /* Others */,
				E4A5D91C1E70041C00F91783 /* Train */,
			);
			path = Classes;
			sourceTree = "<group>";
		};
		E4A5D90E1E70041C00F91783 /* Discovery */ = {
			isa = PBXGroup;
			children = (
				E4A5D90F1E70041C00F91783 /* Controller */,
				E4F011B91E96440F0043B61D /* View */,
				E4F011B81E9644090043B61D /* Model */,
			);
			path = Discovery;
			sourceTree = "<group>";
		};
		E4A5D90F1E70041C00F91783 /* Controller */ = {
			isa = PBXGroup;
			children = (
				E4A5D9391E700BB700F91783 /* KPDiscoveryController.swift */,
			);
			path = Controller;
			sourceTree = "<group>";
		};
		E4A5D9121E70041C00F91783 /* Main */ = {
			isa = PBXGroup;
			children = (
				E4A5D9221E7004C500F91783 /* KPTabBarController.swift */,
				E4A5D9241E7004E700F91783 /* KPNavigationController.swift */,
				E4F011AA1E963C630043B61D /* KPBaseViewController.swift */,
			);
			path = Main;
			sourceTree = "<group>";
		};
		E4A5D9131E70041C00F91783 /* Mine */ = {
			isa = PBXGroup;
			children = (
				E4A5D9141E70041C00F91783 /* Controller */,
				E4A5D9151E70041C00F91783 /* Model */,
				E4A5D9161E70041C00F91783 /* View */,
			);
			path = Mine;
			sourceTree = "<group>";
		};
		E4A5D9141E70041C00F91783 /* Controller */ = {
			isa = PBXGroup;
			children = (
				E4AADE011E8C974B00477C61 /* Setting */,
				E41861C81E7148E50024EE1B /* Tab */,
				E4A5D9261E70052000F91783 /* KPMineController.swift */,
				E4A5D9281E70054400F91783 /* KPSettingController.swift */,
				E4A5D92A1E70058D00F91783 /* KPInfoViewController.swift */,
				E4A5D92C1E7005BE00F91783 /* KPPersonInfoController.swift */,
				E4A5D92E1E7005E900F91783 /* KPEditViewController.swift */,
			);
			path = Controller;
			sourceTree = "<group>";
		};
		E4A5D9151E70041C00F91783 /* Model */ = {
			isa = PBXGroup;
			children = (
			);
			path = Model;
			sourceTree = "<group>";
		};
		E4A5D9161E70041C00F91783 /* View */ = {
			isa = PBXGroup;
			children = (
				E4B74A671E70F131009EE6BC /* KPMineListCell.swift */,
				E4B74A681E70F131009EE6BC /* KPMineListCell.xib */,
				E41861BF1E712FA10024EE1B /* KPMineTabButtonCell.swift */,
				E41861C31E7133F20024EE1B /* KPMineTabButton.swift */,
				E41861D11E7150DC0024EE1B /* KPMineSettingCell.swift */,
				E4A946501E7286DE0040ED47 /* KPSegmentView.swift */,
				E4694FD21E9CC98E00B5026E /* KPHealthListCell.swift */,
			);
			path = View;
			sourceTree = "<group>";
		};
		E4A5D9171E70041C00F91783 /* News */ = {
			isa = PBXGroup;
			children = (
				E4A5D9181E70041C00F91783 /* Controller */,
				E4A5D9191E70041C00F91783 /* Model */,
				E4A5D91A1E70041C00F91783 /* View */,
			);
			path = News;
			sourceTree = "<group>";
		};
		E4A5D9181E70041C00F91783 /* Controller */ = {
			isa = PBXGroup;
			children = (
				E4A5D9301E70064500F91783 /* KPNewsViewController.swift */,
				E4A5D9321E7006F000F91783 /* KPAddFriendController.swift */,
				E4F011AC1E9641C60043B61D /* KPPublishViewController.swift */,
				E4F011D21E979D630043B61D /* KPHotDetailController.swift */,
				E4694FDC1E9F95F900B5026E /* KPNewsLikeListController.swift */,
			);
			path = Controller;
			sourceTree = "<group>";
		};
		E4A5D9191E70041C00F91783 /* Model */ = {
			isa = PBXGroup;
			children = (
				E4F011CA1E9645340043B61D /* KPNewsHotItem.swift */,
				E4F011CC1E9743D40043B61D /* KPNewsAuthorItem.swift */,
				E4F011CE1E97988A0043B61D /* KPNewsLikersItem.swift */,
				E4F011D01E9799040043B61D /* KPHotDetailItem.swift */,
				E4F011D61E979F4D0043B61D /* KPNewsLikersListItem.swift */,
				E4694FDA1E9F897200B5026E /* KPNewsCommentsItem.swift */,
			);
			path = Model;
			sourceTree = "<group>";
		};
		E4A5D91A1E70041C00F91783 /* View */ = {
			isa = PBXGroup;
			children = (
				E4F011C81E9644F40043B61D /* KPNewsHotCollectionCell.swift */,
				E4F011D41E979E390043B61D /* KPNewDetailLikersCell.swift */,
				E4F011D81E97A2030043B61D /* KPNewsLikersListCell.swift */,
				E4F011D91E97A2030043B61D /* KPNewsLikersListCell.xib */,
				E4F011DC1E97A26A0043B61D /* KPNewsDetailAuthorCell.swift */,
				E4694FD61E9E333400B5026E /* KPNewsFollowCell.swift */,
				E4694FD81E9E337500B5026E /* KPNewsRecommendUserCell.swift */,
			);
			path = View;
			sourceTree = "<group>";
		};
		E4A5D91B1E70041C00F91783 /* Others */ = {
			isa = PBXGroup;
			children = (
				E4CB0C211E95F6310028E918 /* Health */,
				E4A0BDA11E95E39600EB2FB0 /* TodayWidget */,
				E4AADDFC1E8BC2EA00477C61 /* 3DTouch */,
				E41861C51E713F1A0024EE1B /* Extensions */,
				E4A5D9361E70097500F91783 /* Tool */,
			);
			path = Others;
			sourceTree = "<group>";
		};
		E4A5D91C1E70041C00F91783 /* Train */ = {
			isa = PBXGroup;
			children = (
				E4A5D91D1E70041C00F91783 /* Controller */,
				E4A5D91E1E70041C00F91783 /* Model */,
				E4A5D91F1E70041C00F91783 /* View */,
			);
			path = Train;
			sourceTree = "<group>";
		};
		E4A5D91D1E70041C00F91783 /* Controller */ = {
			isa = PBXGroup;
			children = (
				E4A5D9341E7007D000F91783 /* KPTrainViewController.swift */,
				E4A946531E7655540040ED47 /* KPTrainRunRecordController.swift */,
				E4694FCC1E9B9A0400B5026E /* KPTrainTimetableController.swift */,
			);
			path = Controller;
			sourceTree = "<group>";
		};
		E4A5D91E1E70041C00F91783 /* Model */ = {
			isa = PBXGroup;
			children = (
			);
			path = Model;
			sourceTree = "<group>";
		};
		E4A5D91F1E70041C00F91783 /* View */ = {
			isa = PBXGroup;
			children = (
				E4A946481E7158B10040ED47 /* KPTrainTotalCountCell.swift */,
				E4A946491E7158B10040ED47 /* KPTrainTotalCountCell.xib */,
				E4694FBE1E9B987700B5026E /* KPTrainRecommendCell.swift */,
				E4694FC01E9B98A000B5026E /* KPTrainRecommendScrollView.swift */,
				E4694FC21E9B98E300B5026E /* KPTrainPlanListCell.swift */,
				E4694FC31E9B98E300B5026E /* KPTrainPlanListCell.xib */,
				E4694FC61E9B990900B5026E /* KPTrainAddCell.swift */,
				E4694FC71E9B990900B5026E /* KPTrainAddCell.xib */,
				E4694FCA1E9B994800B5026E /* KPTrainTimetableCell.swift */,
			);
			path = View;
			sourceTree = "<group>";
		};
		E4A5D9361E70097500F91783 /* Tool */ = {
			isa = PBXGroup;
			children = (
				E4A5D9371E7009A900F91783 /* KPConst.swift */,
				E4A946551E767F290040ED47 /* KPNetworkTool.swift */,
			);
			path = Tool;
			sourceTree = "<group>";
		};
		E4AADDFC1E8BC2EA00477C61 /* 3DTouch */ = {
			isa = PBXGroup;
			children = (
				E4AADDFD1E8BC31C00477C61 /* KPShortcutType.swift */,
				E4AADDFF1E8BC36600477C61 /* KPShortcutItems.swift */,
			);
			path = 3DTouch;
			sourceTree = "<group>";
		};
		E4AADE011E8C974B00477C61 /* Setting */ = {
			isa = PBXGroup;
			children = (
				E4AADE021E8C976800477C61 /* KPScanViewController.swift */,
				E4AADE041E8C978B00477C61 /* KPAboutViewController.swift */,
				E40166E31E8D082D00C41F96 /* KPAccountBindingController.swift */,
				E40166E51E8D085000C41F96 /* KPAboutMeViewController.swift */,
				E4AADE061E8C97BA00477C61 /* KPCommunityViewController.swift */,
				E40166D51E8D07C400C41F96 /* KPTrainSettingController.swift */,
				E40166E11E8D081E00C41F96 /* KPCacheManagerController.swift */,
				E40166DF1E8D080D00C41F96 /* KPFitBasisController.swift */,
				E40166D91E8D07E700C41F96 /* KPLinkHealthController.swift */,
				E40166DD1E8D080600C41F96 /* KPGymGoalViewController.swift */,
				E40166D71E8D07CE00C41F96 /* KPOfflineMapController.swift */,
				E40166DB1E8D07EF00C41F96 /* KPManageAccountController.swift */,
				E40166D11E8D07AD00C41F96 /* KPPrivacyViewController.swift */,
				E40166D21E8D07AD00C41F96 /* KPPushMessageController.swift */,
				E4AADE081E8C97F500477C61 /* KPConventionViewController.swift */,
				E4AADE0A1E8C982C00477C61 /* KPNetworkViewController.swift */,
				E4AADE0C1E8C985600477C61 /* KPHelpFeedBackController.swift */,
				E4694FD01E9CC96A00B5026E /* KPHealthListController.swift */,
			);
			path = Setting;
			sourceTree = "<group>";
		};
		E4CB0C211E95F6310028E918 /* Health */ = {
			isa = PBXGroup;
			children = (
				E4CB0C221E95F6450028E918 /* KPHealthTool.swift */,
				E4694FCE1E9C918C00B5026E /* KPHealthData.swift */,
			);
			path = Health;
			sourceTree = "<group>";
		};
		E4F011B81E9644090043B61D /* Model */ = {
			isa = PBXGroup;
			children = (
				E4F011BA1E9644670043B61D /* KPStoreBanner.swift */,
				E4F011BB1E9644670043B61D /* KPStoreList.swift */,
			);
			path = Model;
			sourceTree = "<group>";
		};
		E4F011B91E96440F0043B61D /* View */ = {
			isa = PBXGroup;
			children = (
				E4F011BE1E9644700043B61D /* KPStoreBannerCell.swift */,
				E4F011BF1E9644700043B61D /* KPStoreBannerView.swift */,
				E4F011C01E9644700043B61D /* KPStoreCarouselCell.swift */,
				E4F011C11E9644700043B61D /* KPStoreProductCell.swift */,
				E4F011C21E9644700043B61D /* KPStoreTabView.swift */,
			);
			path = View;
			sourceTree = "<group>";
		};
/* End PBXGroup section */

/* Begin PBXNativeTarget section */
		E45D45AF1E70020000AA79C5 /* Keep */ = {
			isa = PBXNativeTarget;
			buildConfigurationList = E45D45D81E70020100AA79C5 /* Build configuration list for PBXNativeTarget "Keep" */;
			buildPhases = (
				898F3E3FF620E6A8188E1C22 /* [CP] Check Pods Manifest.lock */,
				E45D45AC1E70020000AA79C5 /* Sources */,
				E45D45AD1E70020000AA79C5 /* Frameworks */,
				E45D45AE1E70020000AA79C5 /* Resources */,
				868918A38092E96178949BC4 /* [CP] Embed Pods Frameworks */,
				792E69FDADE6F94AED5CDC97 /* [CP] Copy Pods Resources */,
				E4AADDF71E8BB48900477C61 /* Embed App Extensions */,
			);
			buildRules = (
			);
			dependencies = (
				E47A82381E8FAE75004F575B /* PBXTargetDependency */,
			);
			name = Keep;
			productName = Keep;
			productReference = E45D45B01E70020000AA79C5 /* Keep.app */;
			productType = "com.apple.product-type.application";
		};
		E45D45C31E70020100AA79C5 /* KeepTests */ = {
			isa = PBXNativeTarget;
			buildConfigurationList = E45D45DB1E70020100AA79C5 /* Build configuration list for PBXNativeTarget "KeepTests" */;
			buildPhases = (
				E45D45C01E70020100AA79C5 /* Sources */,
				E45D45C11E70020100AA79C5 /* Frameworks */,
				E45D45C21E70020100AA79C5 /* Resources */,
			);
			buildRules = (
			);
			dependencies = (
				E45D45C61E70020100AA79C5 /* PBXTargetDependency */,
			);
			name = KeepTests;
			productName = KeepTests;
			productReference = E45D45C41E70020100AA79C5 /* KeepTests.xctest */;
			productType = "com.apple.product-type.bundle.unit-test";
		};
		E45D45CE1E70020100AA79C5 /* KeepUITests */ = {
			isa = PBXNativeTarget;
			buildConfigurationList = E45D45DE1E70020100AA79C5 /* Build configuration list for PBXNativeTarget "KeepUITests" */;
			buildPhases = (
				E45D45CB1E70020100AA79C5 /* Sources */,
				E45D45CC1E70020100AA79C5 /* Frameworks */,
				E45D45CD1E70020100AA79C5 /* Resources */,
			);
			buildRules = (
			);
			dependencies = (
				E45D45D11E70020100AA79C5 /* PBXTargetDependency */,
			);
			name = KeepUITests;
			productName = KeepUITests;
			productReference = E45D45CF1E70020100AA79C5 /* KeepUITests.xctest */;
			productType = "com.apple.product-type.bundle.ui-testing";
		};
		E47A822D1E8FAE75004F575B /* KEEP */ = {
			isa = PBXNativeTarget;
			buildConfigurationList = E47A823A1E8FAE75004F575B /* Build configuration list for PBXNativeTarget "KEEP" */;
			buildPhases = (
				E47A822A1E8FAE75004F575B /* Sources */,
				E47A822B1E8FAE75004F575B /* Frameworks */,
				E47A822C1E8FAE75004F575B /* Resources */,
			);
			buildRules = (
			);
			dependencies = (
			);
			name = KEEP;
			productName = KEEP;
			productReference = E47A822E1E8FAE75004F575B /* KEEP.appex */;
			productType = "com.apple.product-type.app-extension";
		};
/* End PBXNativeTarget section */

/* Begin PBXProject section */
		E45D45A81E70020000AA79C5 /* Project object */ = {
			isa = PBXProject;
			attributes = {
				CLASSPREFIX = KP;
				LastSwiftUpdateCheck = 0810;
				LastUpgradeCheck = 0810;
				ORGANIZATIONNAME = Damon;
				TargetAttributes = {
					E45D45AF1E70020000AA79C5 = {
						CreatedOnToolsVersion = 8.1;
						DevelopmentTeam = M3FK4FYNRT;
						ProvisioningStyle = Automatic;
						SystemCapabilities = {
							com.apple.HealthKit = {
								enabled = 1;
							};
						};
					};
					E45D45C31E70020100AA79C5 = {
						CreatedOnToolsVersion = 8.1;
						ProvisioningStyle = Automatic;
						TestTargetID = E45D45AF1E70020000AA79C5;
					};
					E45D45CE1E70020100AA79C5 = {
						CreatedOnToolsVersion = 8.1;
						ProvisioningStyle = Automatic;
						TestTargetID = E45D45AF1E70020000AA79C5;
					};
					E47A822D1E8FAE75004F575B = {
						CreatedOnToolsVersion = 8.1;
						DevelopmentTeam = M3FK4FYNRT;
						ProvisioningStyle = Automatic;
					};
				};
			};
			buildConfigurationList = E45D45AB1E70020000AA79C5 /* Build configuration list for PBXProject "Keep" */;
			compatibilityVersion = "Xcode 3.2";
			developmentRegion = English;
			hasScannedForEncodings = 0;
			knownRegions = (
				en,
				Base,
			);
			mainGroup = E45D45A71E70020000AA79C5;
			productRefGroup = E45D45B11E70020000AA79C5 /* Products */;
			projectDirPath = "";
			projectRoot = "";
			targets = (
				E45D45AF1E70020000AA79C5 /* Keep */,
				E45D45C31E70020100AA79C5 /* KeepTests */,
				E45D45CE1E70020100AA79C5 /* KeepUITests */,
				E47A822D1E8FAE75004F575B /* KEEP */,
			);
		};
/* End PBXProject section */

/* Begin PBXResourcesBuildPhase section */
		E45D45AE1E70020000AA79C5 /* Resources */ = {
			isa = PBXResourcesBuildPhase;
			buildActionMask = 2147483647;
			files = (
				E4A9464B1E7158B10040ED47 /* KPTrainTotalCountCell.xib in Resources */,
				E45D45BB1E70020000AA79C5 /* Assets.xcassets in Resources */,
				E4B74A6A1E70F131009EE6BC /* KPMineListCell.xib in Resources */,
				E4694FC91E9B990900B5026E /* KPTrainAddCell.xib in Resources */,
				E48F69A01E76A7D600028DF0 /* StoreListData.geojson in Resources */,
				E48F699E1E76973800028DF0 /* BannerData.geojson in Resources */,
				E4694FC51E9B98E300B5026E /* KPTrainPlanListCell.xib in Resources */,
				E45D45B91E70020000AA79C5 /* Main.storyboard in Resources */,
				E4B4865E1E8BB31E00C17363 /* Info.plist in Resources */,
				E4F011DB1E97A2030043B61D /* KPNewsLikersListCell.xib in Resources */,
			);
			runOnlyForDeploymentPostprocessing = 0;
		};
		E45D45C21E70020100AA79C5 /* Resources */ = {
			isa = PBXResourcesBuildPhase;
			buildActionMask = 2147483647;
			files = (
			);
			runOnlyForDeploymentPostprocessing = 0;
		};
		E45D45CD1E70020100AA79C5 /* Resources */ = {
			isa = PBXResourcesBuildPhase;
			buildActionMask = 2147483647;
			files = (
			);
			runOnlyForDeploymentPostprocessing = 0;
		};
		E47A822C1E8FAE75004F575B /* Resources */ = {
			isa = PBXResourcesBuildPhase;
			buildActionMask = 2147483647;
			files = (
				E47A834E1E94E057004F575B /* Media.xcassets in Resources */,
			);
			runOnlyForDeploymentPostprocessing = 0;
		};
/* End PBXResourcesBuildPhase section */

/* Begin PBXShellScriptBuildPhase section */
		792E69FDADE6F94AED5CDC97 /* [CP] Copy Pods Resources */ = {
			isa = PBXShellScriptBuildPhase;
			buildActionMask = 2147483647;
			files = (
			);
			inputPaths = (
			);
			name = "[CP] Copy Pods Resources";
			outputPaths = (
			);
			runOnlyForDeploymentPostprocessing = 0;
			shellPath = /bin/sh;
			shellScript = "\"${SRCROOT}/Pods/Target Support Files/Pods-Keep/Pods-Keep-resources.sh\"\n";
			showEnvVarsInLog = 0;
		};
		868918A38092E96178949BC4 /* [CP] Embed Pods Frameworks */ = {
			isa = PBXShellScriptBuildPhase;
			buildActionMask = 2147483647;
			files = (
			);
			inputPaths = (
			);
			name = "[CP] Embed Pods Frameworks";
			outputPaths = (
			);
			runOnlyForDeploymentPostprocessing = 0;
			shellPath = /bin/sh;
			shellScript = "\"${SRCROOT}/Pods/Target Support Files/Pods-Keep/Pods-Keep-frameworks.sh\"\n";
			showEnvVarsInLog = 0;
		};
		898F3E3FF620E6A8188E1C22 /* [CP] Check Pods Manifest.lock */ = {
			isa = PBXShellScriptBuildPhase;
			buildActionMask = 2147483647;
			files = (
			);
			inputPaths = (
			);
			name = "[CP] Check Pods Manifest.lock";
			outputPaths = (
			);
			runOnlyForDeploymentPostprocessing = 0;
			shellPath = /bin/sh;
			shellScript = "diff \"${PODS_ROOT}/../Podfile.lock\" \"${PODS_ROOT}/Manifest.lock\" > /dev/null\nif [ $? != 0 ] ; then\n    # print error to STDERR\n    echo \"error: The sandbox is not in sync with the Podfile.lock. Run 'pod install' or update your CocoaPods installation.\" >&2\n    exit 1\nfi\n";
			showEnvVarsInLog = 0;
		};
/* End PBXShellScriptBuildPhase section */

/* Begin PBXSourcesBuildPhase section */
		E45D45AC1E70020000AA79C5 /* Sources */ = {
			isa = PBXSourcesBuildPhase;
			buildActionMask = 2147483647;
			files = (
				E4694FDB1E9F897300B5026E /* KPNewsCommentsItem.swift in Sources */,
				E4A9464F1E715C740040ED47 /* UIImage+KP.swift in Sources */,
				E4AADE091E8C97F500477C61 /* KPConventionViewController.swift in Sources */,
				E4A946561E767F290040ED47 /* KPNetworkTool.swift in Sources */,
				E4A5D92D1E7005BE00F91783 /* KPPersonInfoController.swift in Sources */,
				E41861CC1E7149740024EE1B /* KPMineCollectionController.swift in Sources */,
				E4A5D9381E7009A900F91783 /* KPConst.swift in Sources */,
				E4F011CF1E97988A0043B61D /* KPNewsLikersItem.swift in Sources */,
				E4A9464A1E7158B10040ED47 /* KPTrainTotalCountCell.swift in Sources */,
				E4F011D71E979F4D0043B61D /* KPNewsLikersListItem.swift in Sources */,
				E4A5D93A1E700BB700F91783 /* KPDiscoveryController.swift in Sources */,
				E4694FC41E9B98E300B5026E /* KPTrainPlanListCell.swift in Sources */,
				E41861C71E713F940024EE1B /* UITableView+KP.swift in Sources */,
				E4A5D9351E7007D000F91783 /* KPTrainViewController.swift in Sources */,
				E40166D61E8D07C400C41F96 /* KPTrainSettingController.swift in Sources */,
				E4F011DD1E97A26A0043B61D /* KPNewsDetailAuthorCell.swift in Sources */,
				E4F011BC1E9644670043B61D /* KPStoreBanner.swift in Sources */,
				E4F011C31E9644700043B61D /* KPStoreBannerCell.swift in Sources */,
				E4694FD31E9CC98E00B5026E /* KPHealthListCell.swift in Sources */,
				E4AADE0B1E8C982C00477C61 /* KPNetworkViewController.swift in Sources */,
				E4694FD91E9E337500B5026E /* KPNewsRecommendUserCell.swift in Sources */,
				E40166E41E8D082D00C41F96 /* KPAccountBindingController.swift in Sources */,
				E4F011DA1E97A2030043B61D /* KPNewsLikersListCell.swift in Sources */,
				E4A5D9291E70054400F91783 /* KPSettingController.swift in Sources */,
				E40166D41E8D07AD00C41F96 /* KPPushMessageController.swift in Sources */,
				E40166E01E8D080D00C41F96 /* KPFitBasisController.swift in Sources */,
				E4AADDFE1E8BC31C00477C61 /* KPShortcutType.swift in Sources */,
				E4F011BD1E9644670043B61D /* KPStoreList.swift in Sources */,
				E45D45B41E70020000AA79C5 /* AppDelegate.swift in Sources */,
				E4A5D9251E7004E700F91783 /* KPNavigationController.swift in Sources */,
				E4F011C41E9644700043B61D /* KPStoreBannerView.swift in Sources */,
				E41861C41E7133F20024EE1B /* KPMineTabButton.swift in Sources */,
				E4694FC11E9B98A000B5026E /* KPTrainRecommendScrollView.swift in Sources */,
				E40166D31E8D07AD00C41F96 /* KPPrivacyViewController.swift in Sources */,
				E4F011AB1E963C630043B61D /* KPBaseViewController.swift in Sources */,
				E4F011C51E9644700043B61D /* KPStoreCarouselCell.swift in Sources */,
				E4694FC81E9B990900B5026E /* KPTrainAddCell.swift in Sources */,
				E40166DC1E8D07EF00C41F96 /* KPManageAccountController.swift in Sources */,
				E4AADE031E8C976800477C61 /* KPScanViewController.swift in Sources */,
				E41861CE1E7149840024EE1B /* KPMineDataViewController.swift in Sources */,
				E4694FBF1E9B987700B5026E /* KPTrainRecommendCell.swift in Sources */,
				E4A5D9331E7006F000F91783 /* KPAddFriendController.swift in Sources */,
				E4694FD71E9E333400B5026E /* KPNewsFollowCell.swift in Sources */,
				E4F011CD1E9743D40043B61D /* KPNewsAuthorItem.swift in Sources */,
				E4051EC61E77C86C007801CA /* String+KP.swift in Sources */,
				E4A0BDA31E95E3BD00EB2FB0 /* KPTodayWidgetTool.swift in Sources */,
				E4F011C91E9644F40043B61D /* KPNewsHotCollectionCell.swift in Sources */,
				E40166E61E8D085000C41F96 /* KPAboutMeViewController.swift in Sources */,
				E4A5D92B1E70058D00F91783 /* KPInfoViewController.swift in Sources */,
				E4F011CB1E9645340043B61D /* KPNewsHotItem.swift in Sources */,
				E4AADE001E8BC36600477C61 /* KPShortcutItems.swift in Sources */,
				E4F011C71E9644700043B61D /* KPStoreTabView.swift in Sources */,
				E4694FCF1E9C918C00B5026E /* KPHealthData.swift in Sources */,
				E4A5D9231E7004C500F91783 /* KPTabBarController.swift in Sources */,
				E41861C11E712FA10024EE1B /* KPMineTabButtonCell.swift in Sources */,
				E4B74A691E70F131009EE6BC /* KPMineListCell.swift in Sources */,
				E40166D81E8D07CE00C41F96 /* KPOfflineMapController.swift in Sources */,
				E4694FDD1E9F95F900B5026E /* KPNewsLikeListController.swift in Sources */,
				E4A946511E7286DE0040ED47 /* KPSegmentView.swift in Sources */,
				E4F011AD1E9641C60043B61D /* KPPublishViewController.swift in Sources */,
				E4694FCD1E9B9A0400B5026E /* KPTrainTimetableController.swift in Sources */,
				E4A946541E7655540040ED47 /* KPTrainRunRecordController.swift in Sources */,
				E4694FCB1E9B994800B5026E /* KPTrainTimetableCell.swift in Sources */,
				E40166E21E8D081E00C41F96 /* KPCacheManagerController.swift in Sources */,
				E40166DE1E8D080600C41F96 /* KPGymGoalViewController.swift in Sources */,
				E4CB0C231E95F6450028E918 /* KPHealthTool.swift in Sources */,
				E4F011D31E979D630043B61D /* KPHotDetailController.swift in Sources */,
				E4A5D92F1E7005E900F91783 /* KPEditViewController.swift in Sources */,
				E4AADE071E8C97BA00477C61 /* KPCommunityViewController.swift in Sources */,
				E41861D01E7149960024EE1B /* KPMineSportsController.swift in Sources */,
				E4A5D9311E70064500F91783 /* KPNewsViewController.swift in Sources */,
				E4F011D51E979E3A0043B61D /* KPNewDetailLikersCell.swift in Sources */,
				E40166DA1E8D07E700C41F96 /* KPLinkHealthController.swift in Sources */,
				E4694FD11E9CC96A00B5026E /* KPHealthListController.swift in Sources */,
				E4AADE051E8C978B00477C61 /* KPAboutViewController.swift in Sources */,
				E4F011D11E9799040043B61D /* KPHotDetailItem.swift in Sources */,
				E4A5D9271E70052000F91783 /* KPMineController.swift in Sources */,
				E4F011C61E9644700043B61D /* KPStoreProductCell.swift in Sources */,
				E4AADE0D1E8C985600477C61 /* KPHelpFeedBackController.swift in Sources */,
				E41861CA1E7149140024EE1B /* KPMineHistoryController.swift in Sources */,
				E41861D31E7150DC0024EE1B /* KPMineSettingCell.swift in Sources */,
			);
			runOnlyForDeploymentPostprocessing = 0;
		};
		E45D45C01E70020100AA79C5 /* Sources */ = {
			isa = PBXSourcesBuildPhase;
			buildActionMask = 2147483647;
			files = (
				E45D45C91E70020100AA79C5 /* KeepTests.swift in Sources */,
			);
			runOnlyForDeploymentPostprocessing = 0;
		};
		E45D45CB1E70020100AA79C5 /* Sources */ = {
			isa = PBXSourcesBuildPhase;
			buildActionMask = 2147483647;
			files = (
				E45D45D41E70020100AA79C5 /* KeepUITests.swift in Sources */,
			);
			runOnlyForDeploymentPostprocessing = 0;
		};
		E47A822A1E8FAE75004F575B /* Sources */ = {
			isa = PBXSourcesBuildPhase;
			buildActionMask = 2147483647;
			files = (
				E47A82401E8FB591004F575B /* KPWidgetButton.swift in Sources */,
				E47A823E1E8FB2FC004F575B /* KPWidgetViewController.swift in Sources */,
			);
			runOnlyForDeploymentPostprocessing = 0;
		};
/* End PBXSourcesBuildPhase section */

/* Begin PBXTargetDependency section */
		E45D45C61E70020100AA79C5 /* PBXTargetDependency */ = {
			isa = PBXTargetDependency;
			target = E45D45AF1E70020000AA79C5 /* Keep */;
			targetProxy = E45D45C51E70020100AA79C5 /* PBXContainerItemProxy */;
		};
		E45D45D11E70020100AA79C5 /* PBXTargetDependency */ = {
			isa = PBXTargetDependency;
			target = E45D45AF1E70020000AA79C5 /* Keep */;
			targetProxy = E45D45D01E70020100AA79C5 /* PBXContainerItemProxy */;
		};
		E47A82381E8FAE75004F575B /* PBXTargetDependency */ = {
			isa = PBXTargetDependency;
			target = E47A822D1E8FAE75004F575B /* KEEP */;
			targetProxy = E47A82371E8FAE75004F575B /* PBXContainerItemProxy */;
		};
/* End PBXTargetDependency section */

/* Begin PBXVariantGroup section */
		E45D45B71E70020000AA79C5 /* Main.storyboard */ = {
			isa = PBXVariantGroup;
			children = (
				E45D45B81E70020000AA79C5 /* Base */,
			);
			name = Main.storyboard;
			sourceTree = "<group>";
		};
		E45D45BC1E70020000AA79C5 /* LaunchScreen.storyboard */ = {
			isa = PBXVariantGroup;
			children = (
				E45D45BD1E70020000AA79C5 /* Base */,
			);
			name = LaunchScreen.storyboard;
			sourceTree = "<group>";
		};
/* End PBXVariantGroup section */

/* Begin XCBuildConfiguration section */
		E45D45D61E70020100AA79C5 /* Debug */ = {
			isa = XCBuildConfiguration;
			buildSettings = {
				ALWAYS_SEARCH_USER_PATHS = NO;
				CLANG_ANALYZER_NONNULL = YES;
				CLANG_CXX_LANGUAGE_STANDARD = "gnu++0x";
				CLANG_CXX_LIBRARY = "libc++";
				CLANG_ENABLE_MODULES = YES;
				CLANG_ENABLE_OBJC_ARC = YES;
				CLANG_WARN_BOOL_CONVERSION = YES;
				CLANG_WARN_CONSTANT_CONVERSION = YES;
				CLANG_WARN_DIRECT_OBJC_ISA_USAGE = YES_ERROR;
				CLANG_WARN_DOCUMENTATION_COMMENTS = YES;
				CLANG_WARN_EMPTY_BODY = YES;
				CLANG_WARN_ENUM_CONVERSION = YES;
				CLANG_WARN_INFINITE_RECURSION = YES;
				CLANG_WARN_INT_CONVERSION = YES;
				CLANG_WARN_OBJC_ROOT_CLASS = YES_ERROR;
				CLANG_WARN_SUSPICIOUS_MOVES = YES;
				CLANG_WARN_UNREACHABLE_CODE = YES;
				CLANG_WARN__DUPLICATE_METHOD_MATCH = YES;
				"CODE_SIGN_IDENTITY[sdk=iphoneos*]" = "iPhone Developer";
				COPY_PHASE_STRIP = NO;
				DEBUG_INFORMATION_FORMAT = dwarf;
				ENABLE_STRICT_OBJC_MSGSEND = YES;
				ENABLE_TESTABILITY = YES;
				GCC_C_LANGUAGE_STANDARD = gnu99;
				GCC_DYNAMIC_NO_PIC = NO;
				GCC_NO_COMMON_BLOCKS = YES;
				GCC_OPTIMIZATION_LEVEL = 0;
				GCC_PREPROCESSOR_DEFINITIONS = (
					"DEBUG=1",
					"$(inherited)",
				);
				GCC_WARN_64_TO_32_BIT_CONVERSION = YES;
				GCC_WARN_ABOUT_RETURN_TYPE = YES_ERROR;
				GCC_WARN_UNDECLARED_SELECTOR = YES;
				GCC_WARN_UNINITIALIZED_AUTOS = YES_AGGRESSIVE;
				GCC_WARN_UNUSED_FUNCTION = YES;
				GCC_WARN_UNUSED_VARIABLE = YES;
				IPHONEOS_DEPLOYMENT_TARGET = 10.1;
				MTL_ENABLE_DEBUG_INFO = YES;
				ONLY_ACTIVE_ARCH = YES;
				SDKROOT = iphoneos;
				SWIFT_ACTIVE_COMPILATION_CONDITIONS = DEBUG;
				SWIFT_OPTIMIZATION_LEVEL = "-Onone";
			};
			name = Debug;
		};
		E45D45D71E70020100AA79C5 /* Release */ = {
			isa = XCBuildConfiguration;
			buildSettings = {
				ALWAYS_SEARCH_USER_PATHS = NO;
				CLANG_ANALYZER_NONNULL = YES;
				CLANG_CXX_LANGUAGE_STANDARD = "gnu++0x";
				CLANG_CXX_LIBRARY = "libc++";
				CLANG_ENABLE_MODULES = YES;
				CLANG_ENABLE_OBJC_ARC = YES;
				CLANG_WARN_BOOL_CONVERSION = YES;
				CLANG_WARN_CONSTANT_CONVERSION = YES;
				CLANG_WARN_DIRECT_OBJC_ISA_USAGE = YES_ERROR;
				CLANG_WARN_DOCUMENTATION_COMMENTS = YES;
				CLANG_WARN_EMPTY_BODY = YES;
				CLANG_WARN_ENUM_CONVERSION = YES;
				CLANG_WARN_INFINITE_RECURSION = YES;
				CLANG_WARN_INT_CONVERSION = YES;
				CLANG_WARN_OBJC_ROOT_CLASS = YES_ERROR;
				CLANG_WARN_SUSPICIOUS_MOVES = YES;
				CLANG_WARN_UNREACHABLE_CODE = YES;
				CLANG_WARN__DUPLICATE_METHOD_MATCH = YES;
				"CODE_SIGN_IDENTITY[sdk=iphoneos*]" = "iPhone Developer";
				COPY_PHASE_STRIP = NO;
				DEBUG_INFORMATION_FORMAT = "dwarf-with-dsym";
				ENABLE_NS_ASSERTIONS = NO;
				ENABLE_STRICT_OBJC_MSGSEND = YES;
				GCC_C_LANGUAGE_STANDARD = gnu99;
				GCC_NO_COMMON_BLOCKS = YES;
				GCC_WARN_64_TO_32_BIT_CONVERSION = YES;
				GCC_WARN_ABOUT_RETURN_TYPE = YES_ERROR;
				GCC_WARN_UNDECLARED_SELECTOR = YES;
				GCC_WARN_UNINITIALIZED_AUTOS = YES_AGGRESSIVE;
				GCC_WARN_UNUSED_FUNCTION = YES;
				GCC_WARN_UNUSED_VARIABLE = YES;
				IPHONEOS_DEPLOYMENT_TARGET = 10.1;
				MTL_ENABLE_DEBUG_INFO = NO;
				SDKROOT = iphoneos;
				SWIFT_OPTIMIZATION_LEVEL = "-Owholemodule";
				VALIDATE_PRODUCT = YES;
			};
			name = Release;
		};
		E45D45D91E70020100AA79C5 /* Debug */ = {
			isa = XCBuildConfiguration;
			baseConfigurationReference = DA98CBF4FA95FE96BBB1E5D6 /* Pods-Keep.debug.xcconfig */;
			buildSettings = {
				ALWAYS_EMBED_SWIFT_STANDARD_LIBRARIES = YES;
				ASSETCATALOG_COMPILER_APPICON_NAME = AppIcon;
				ASSETCATALOG_COMPILER_LAUNCHIMAGE_NAME = LaunchImage;
				CODE_SIGN_ENTITLEMENTS = Keep/Keep.entitlements;
				DEVELOPMENT_TEAM = M3FK4FYNRT;
				INFOPLIST_FILE = Keep/Classes/Info.plist;
				IPHONEOS_DEPLOYMENT_TARGET = 8.0;
				LD_RUNPATH_SEARCH_PATHS = "$(inherited) @executable_path/Frameworks";
				PRODUCT_BUNDLE_IDENTIFIER = com.cignacmb.ent.hmsapp;
				PRODUCT_NAME = "$(TARGET_NAME)";
				SWIFT_VERSION = 3.0;
				TARGETED_DEVICE_FAMILY = 1;
			};
			name = Debug;
		};
		E45D45DA1E70020100AA79C5 /* Release */ = {
			isa = XCBuildConfiguration;
			baseConfigurationReference = 05F14ADAF9F44C27E9C14464 /* Pods-Keep.release.xcconfig */;
			buildSettings = {
				ALWAYS_EMBED_SWIFT_STANDARD_LIBRARIES = YES;
				ASSETCATALOG_COMPILER_APPICON_NAME = AppIcon;
				ASSETCATALOG_COMPILER_LAUNCHIMAGE_NAME = LaunchImage;
				CODE_SIGN_ENTITLEMENTS = Keep/Keep.entitlements;
				DEVELOPMENT_TEAM = M3FK4FYNRT;
				INFOPLIST_FILE = Keep/Classes/Info.plist;
				IPHONEOS_DEPLOYMENT_TARGET = 8.0;
				LD_RUNPATH_SEARCH_PATHS = "$(inherited) @executable_path/Frameworks";
				PRODUCT_BUNDLE_IDENTIFIER = com.cignacmb.ent.hmsapp;
				PRODUCT_NAME = "$(TARGET_NAME)";
				SWIFT_VERSION = 3.0;
				TARGETED_DEVICE_FAMILY = 1;
			};
			name = Release;
		};
		E45D45DC1E70020100AA79C5 /* Debug */ = {
			isa = XCBuildConfiguration;
			buildSettings = {
				ALWAYS_EMBED_SWIFT_STANDARD_LIBRARIES = YES;
				BUNDLE_LOADER = "$(TEST_HOST)";
				INFOPLIST_FILE = KeepTests/Info.plist;
				LD_RUNPATH_SEARCH_PATHS = "$(inherited) @executable_path/Frameworks @loader_path/Frameworks";
				PRODUCT_BUNDLE_IDENTIFIER = Cigna.KeepTests;
				PRODUCT_NAME = "$(TARGET_NAME)";
				SWIFT_VERSION = 3.0;
				TEST_HOST = "$(BUILT_PRODUCTS_DIR)/Keep.app/Keep";
			};
			name = Debug;
		};
		E45D45DD1E70020100AA79C5 /* Release */ = {
			isa = XCBuildConfiguration;
			buildSettings = {
				ALWAYS_EMBED_SWIFT_STANDARD_LIBRARIES = YES;
				BUNDLE_LOADER = "$(TEST_HOST)";
				INFOPLIST_FILE = KeepTests/Info.plist;
				LD_RUNPATH_SEARCH_PATHS = "$(inherited) @executable_path/Frameworks @loader_path/Frameworks";
				PRODUCT_BUNDLE_IDENTIFIER = Cigna.KeepTests;
				PRODUCT_NAME = "$(TARGET_NAME)";
				SWIFT_VERSION = 3.0;
				TEST_HOST = "$(BUILT_PRODUCTS_DIR)/Keep.app/Keep";
			};
			name = Release;
		};
		E45D45DF1E70020100AA79C5 /* Debug */ = {
			isa = XCBuildConfiguration;
			buildSettings = {
				ALWAYS_EMBED_SWIFT_STANDARD_LIBRARIES = YES;
				INFOPLIST_FILE = KeepUITests/Info.plist;
				LD_RUNPATH_SEARCH_PATHS = "$(inherited) @executable_path/Frameworks @loader_path/Frameworks";
				PRODUCT_BUNDLE_IDENTIFIER = Cigna.KeepUITests;
				PRODUCT_NAME = "$(TARGET_NAME)";
				SWIFT_VERSION = 3.0;
				TEST_TARGET_NAME = Keep;
			};
			name = Debug;
		};
		E45D45E01E70020100AA79C5 /* Release */ = {
			isa = XCBuildConfiguration;
			buildSettings = {
				ALWAYS_EMBED_SWIFT_STANDARD_LIBRARIES = YES;
				INFOPLIST_FILE = KeepUITests/Info.plist;
				LD_RUNPATH_SEARCH_PATHS = "$(inherited) @executable_path/Frameworks @loader_path/Frameworks";
				PRODUCT_BUNDLE_IDENTIFIER = Cigna.KeepUITests;
				PRODUCT_NAME = "$(TARGET_NAME)";
				SWIFT_VERSION = 3.0;
				TEST_TARGET_NAME = Keep;
			};
			name = Release;
		};
		E47A823B1E8FAE75004F575B /* Debug */ = {
			isa = XCBuildConfiguration;
			buildSettings = {
				DEVELOPMENT_TEAM = M3FK4FYNRT;
				INFOPLIST_FILE = KEEP/Info.plist;
				IPHONEOS_DEPLOYMENT_TARGET = 8.0;
				LD_RUNPATH_SEARCH_PATHS = "$(inherited) @executable_path/Frameworks @executable_path/../../Frameworks";
				PRODUCT_BUNDLE_IDENTIFIER = com.cignacmb.ent.hmsapp.KEEP;
				PRODUCT_NAME = "$(TARGET_NAME)";
				SKIP_INSTALL = YES;
				SWIFT_VERSION = 3.0;
				TARGETED_DEVICE_FAMILY = 1;
			};
			name = Debug;
		};
		E47A823C1E8FAE75004F575B /* Release */ = {
			isa = XCBuildConfiguration;
			buildSettings = {
				DEVELOPMENT_TEAM = M3FK4FYNRT;
				INFOPLIST_FILE = KEEP/Info.plist;
				IPHONEOS_DEPLOYMENT_TARGET = 8.0;
				LD_RUNPATH_SEARCH_PATHS = "$(inherited) @executable_path/Frameworks @executable_path/../../Frameworks";
				PRODUCT_BUNDLE_IDENTIFIER = com.cignacmb.ent.hmsapp.KEEP;
				PRODUCT_NAME = "$(TARGET_NAME)";
				SKIP_INSTALL = YES;
				SWIFT_VERSION = 3.0;
				TARGETED_DEVICE_FAMILY = 1;
			};
			name = Release;
		};
/* End XCBuildConfiguration section */

/* Begin XCConfigurationList section */
		E45D45AB1E70020000AA79C5 /* Build configuration list for PBXProject "Keep" */ = {
			isa = XCConfigurationList;
			buildConfigurations = (
				E45D45D61E70020100AA79C5 /* Debug */,
				E45D45D71E70020100AA79C5 /* Release */,
			);
			defaultConfigurationIsVisible = 0;
			defaultConfigurationName = Release;
		};
		E45D45D81E70020100AA79C5 /* Build configuration list for PBXNativeTarget "Keep" */ = {
			isa = XCConfigurationList;
			buildConfigurations = (
				E45D45D91E70020100AA79C5 /* Debug */,
				E45D45DA1E70020100AA79C5 /* Release */,
			);
			defaultConfigurationIsVisible = 0;
			defaultConfigurationName = Release;
		};
		E45D45DB1E70020100AA79C5 /* Build configuration list for PBXNativeTarget "KeepTests" */ = {
			isa = XCConfigurationList;
			buildConfigurations = (
				E45D45DC1E70020100AA79C5 /* Debug */,
				E45D45DD1E70020100AA79C5 /* Release */,
			);
			defaultConfigurationIsVisible = 0;
			defaultConfigurationName = Release;
		};
		E45D45DE1E70020100AA79C5 /* Build configuration list for PBXNativeTarget "KeepUITests" */ = {
			isa = XCConfigurationList;
			buildConfigurations = (
				E45D45DF1E70020100AA79C5 /* Debug */,
				E45D45E01E70020100AA79C5 /* Release */,
			);
			defaultConfigurationIsVisible = 0;
			defaultConfigurationName = Release;
		};
		E47A823A1E8FAE75004F575B /* Build configuration list for PBXNativeTarget "KEEP" */ = {
			isa = XCConfigurationList;
			buildConfigurations = (
				E47A823B1E8FAE75004F575B /* Debug */,
				E47A823C1E8FAE75004F575B /* Release */,
			);
			defaultConfigurationIsVisible = 0;
			defaultConfigurationName = Release;
		};
/* End XCConfigurationList section */
	};
	rootObject = E45D45A81E70020000AA79C5 /* Project object */;
}
